
Microsoft Visual Studio Solution File, Format Version 12.00
# Visual Studio Version 17
VisualStudioVersion = 17.7.34018.315
MinimumVisualStudioVersion = 10.0.40219.1
Project("{FAE04EC0-301F-11D3-BF4B-00C04F79EFBC}") = "01.ActivationKeys", "01.ActivationKeys\01.ActivationKeys.csproj", "{C8EF212E-99BB-4321-AC29-3FB485E697A4}"
EndProject
Global
	GlobalSection(SolutionConfigurationPlatforms) = preSolution
		Debug|Any CPU = Debug|Any CPU
		Release|Any CPU = Release|Any CPU
	EndGlobalSection
	GlobalSection(ProjectConfigurationPlatforms) = postSolution
		{C8EF212E-99BB-4321-AC29-3FB485E697A4}.Debug|Any CPU.ActiveCfg = Debug|Any CPU
		{C8EF212E-99BB-4321-AC29-3FB485E697A4}.Debug|Any CPU.Build.0 = Debug|Any CPU
		{C8EF212E-99BB-4321-AC29-3FB485E697A4}.Release|Any CPU.ActiveCfg = Release|Any CPU
		{C8EF212E-99BB-4321-AC29-3FB485E697A4}.Release|Any CPU.Build.0 = Release|Any CPU
	EndGlobalSection
	GlobalSection(SolutionProperties) = preSolution
		HideSolutionNode = FALSE
	EndGlobalSection
	GlobalSection(ExtensibilityGlobals) = postSolution
		SolutionGuid = {F29BEE06-54A8-483C-A288-512399531E23}
	EndGlobalSection
EndGlobal
