
Microsoft Visual Studio Solution File, Format Version 12.00
# Visual Studio Version 17
VisualStudioVersion = 17.7.34031.279
MinimumVisualStudioVersion = 10.0.40219.1
Project("{FAE04EC0-301F-11D3-BF4B-00C04F79EFBC}") = "01.Cinema", "01.Cinema\01.Cinema.csproj", "{B14042E6-9A97-4F9D-AD98-545A84F7579F}"
EndProject
Project("{FAE04EC0-301F-11D3-BF4B-00C04F79EFBC}") = "02.SummerOutfit", "02.SummerOutfit\02.SummerOutfit.csproj", "{FE1D45BB-EF5C-450B-BDCE-256F69345E3F}"
EndProject
Project("{FAE04EC0-301F-11D3-BF4B-00C04F79EFBC}") = "03.NewHouse", "03.NewHouse\03.NewHouse.csproj", "{FC0B314D-CA2E-413A-BBF1-646710BB8429}"
EndProject
Project("{FAE04EC0-301F-11D3-BF4B-00C04F79EFBC}") = "04.FishingBoat", "04.FishingBoat\04.FishingBoat.csproj", "{B0B3EAF4-5892-438A-A2D8-6662020EA073}"
EndProject
Project("{FAE04EC0-301F-11D3-BF4B-00C04F79EFBC}") = "05.Journey", "05.Journey\05.Journey.csproj", "{769464BF-2EBD-4C9A-83AD-0A4326E379F9}"
EndProject
Global
	GlobalSection(SolutionConfigurationPlatforms) = preSolution
		Debug|Any CPU = Debug|Any CPU
		Release|Any CPU = Release|Any CPU
	EndGlobalSection
	GlobalSection(ProjectConfigurationPlatforms) = postSolution
		{B14042E6-9A97-4F9D-AD98-545A84F7579F}.Debug|Any CPU.ActiveCfg = Debug|Any CPU
		{B14042E6-9A97-4F9D-AD98-545A84F7579F}.Debug|Any CPU.Build.0 = Debug|Any CPU
		{B14042E6-9A97-4F9D-AD98-545A84F7579F}.Release|Any CPU.ActiveCfg = Release|Any CPU
		{B14042E6-9A97-4F9D-AD98-545A84F7579F}.Release|Any CPU.Build.0 = Release|Any CPU
		{FE1D45BB-EF5C-450B-BDCE-256F69345E3F}.Debug|Any CPU.ActiveCfg = Debug|Any CPU
		{FE1D45BB-EF5C-450B-BDCE-256F69345E3F}.Debug|Any CPU.Build.0 = Debug|Any CPU
		{FE1D45BB-EF5C-450B-BDCE-256F69345E3F}.Release|Any CPU.ActiveCfg = Release|Any CPU
		{FE1D45BB-EF5C-450B-BDCE-256F69345E3F}.Release|Any CPU.Build.0 = Release|Any CPU
		{FC0B314D-CA2E-413A-BBF1-646710BB8429}.Debug|Any CPU.ActiveCfg = Debug|Any CPU
		{FC0B314D-CA2E-413A-BBF1-646710BB8429}.Debug|Any CPU.Build.0 = Debug|Any CPU
		{FC0B314D-CA2E-413A-BBF1-646710BB8429}.Release|Any CPU.ActiveCfg = Release|Any CPU
		{FC0B314D-CA2E-413A-BBF1-646710BB8429}.Release|Any CPU.Build.0 = Release|Any CPU
		{B0B3EAF4-5892-438A-A2D8-6662020EA073}.Debug|Any CPU.ActiveCfg = Debug|Any CPU
		{B0B3EAF4-5892-438A-A2D8-6662020EA073}.Debug|Any CPU.Build.0 = Debug|Any CPU
		{B0B3EAF4-5892-438A-A2D8-6662020EA073}.Release|Any CPU.ActiveCfg = Release|Any CPU
		{B0B3EAF4-5892-438A-A2D8-6662020EA073}.Release|Any CPU.Build.0 = Release|Any CPU
		{769464BF-2EBD-4C9A-83AD-0A4326E379F9}.Debug|Any CPU.ActiveCfg = Debug|Any CPU
		{769464BF-2EBD-4C9A-83AD-0A4326E379F9}.Debug|Any CPU.Build.0 = Debug|Any CPU
		{769464BF-2EBD-4C9A-83AD-0A4326E379F9}.Release|Any CPU.ActiveCfg = Release|Any CPU
		{769464BF-2EBD-4C9A-83AD-0A4326E379F9}.Release|Any CPU.Build.0 = Release|Any CPU
	EndGlobalSection
	GlobalSection(SolutionProperties) = preSolution
		HideSolutionNode = FALSE
	EndGlobalSection
	GlobalSection(ExtensibilityGlobals) = postSolution
		SolutionGuid = {E94F03C3-6CE7-4F07-AB53-4C938A06345C}
	EndGlobalSection
EndGlobal
