
Microsoft Visual Studio Solution File, Format Version 12.00
# Visual Studio Version 17
VisualStudioVersion = 17.11.35222.181
MinimumVisualStudioVersion = 10.0.40219.1
Project("{9A19103F-16F7-4668-BE54-9A1E7A4F7556}") = "20.AlgorithmsIntroduction", "20.AlgorithmsIntroduction\20.AlgorithmsIntroduction.csproj", "{EE4C8356-9287-4554-9D3E-4C49ABF4993D}"
EndProject
Project("{9A19103F-16F7-4668-BE54-9A1E7A4F7556}") = "1.RecursiveArraySum", "1.RecursiveArraySum\1.RecursiveArraySum.csproj", "{CD36D09B-97DF-4552-BF95-015A92747B48}"
EndProject
Project("{9A19103F-16F7-4668-BE54-9A1E7A4F7556}") = "2.RecursiveFactorial", "2.RecursiveFactorial\2.RecursiveFactorial.csproj", "{CA3ED558-7AEC-4365-9A7E-C5869002B851}"
EndProject
Project("{9A19103F-16F7-4668-BE54-9A1E7A4F7556}") = "3.RecursionReverseString", "03.RecursionReverseString\3.RecursionReverseString.csproj", "{C6D10F7E-5F3B-4048-803D-20E76A0C10E9}"
EndProject
Project("{9A19103F-16F7-4668-BE54-9A1E7A4F7556}") = "4.RecursionNumberPyramid", "4.NumberPyramid\4.RecursionNumberPyramid.csproj", "{80043B32-904F-4724-B79A-DFB1F73C28C5}"
EndProject
Project("{9A19103F-16F7-4668-BE54-9A1E7A4F7556}") = "5.RecursionPalindrome", "5.RecursionPalindrome\5.RecursionPalindrome.csproj", "{310B067B-2C83-469F-A8CF-6C84790285BD}"
EndProject
Project("{9A19103F-16F7-4668-BE54-9A1E7A4F7556}") = "06.GreedySumOfCoins", "06.GreedySumOfCoins\06.GreedySumOfCoins.csproj", "{DB82CC54-6626-4B4B-8477-06EFDEFF334C}"
EndProject
Project("{9A19103F-16F7-4668-BE54-9A1E7A4F7556}") = "07.GreedySetCover", "07.SetCover\07.GreedySetCover.csproj", "{CC4D23C6-E710-4D86-8465-BA2ADA8960C4}"
EndProject
Project("{9A19103F-16F7-4668-BE54-9A1E7A4F7556}") = "08.SortBubbleSort", "08.SortBubbleSort\08.SortBubbleSort.csproj", "{4D3040F1-D5F6-45CA-8BD4-7FDBB78F2846}"
EndProject
Project("{9A19103F-16F7-4668-BE54-9A1E7A4F7556}") = "09.SortMergeSort", "09.SortMergeSort\09.SortMergeSort.csproj", "{51E77847-EBA7-4DFE-8BD3-403138D0EE3C}"
EndProject
Project("{9A19103F-16F7-4668-BE54-9A1E7A4F7556}") = "010.SortQuickSort", "010.SortQuickSort\010.SortQuickSort.csproj", "{9139873D-3C94-49A9-A9FE-8ACFA1809624}"
EndProject
Project("{9A19103F-16F7-4668-BE54-9A1E7A4F7556}") = "011.SortSelectionSort", "011.SortSelectionSort\011.SortSelectionSort.csproj", "{3EE889B4-6F01-4B93-A141-F34D8E6A7669}"
EndProject
Project("{FAE04EC0-301F-11D3-BF4B-00C04F79EFBC}") = "012.SearchLinearSearch", "012.SearchLinearSearch\012.SearchLinearSearch.csproj", "{C1A6D84E-B6A6-49C4-9D9C-8DD8EB9125CC}"
EndProject
Project("{FAE04EC0-301F-11D3-BF4B-00C04F79EFBC}") = "013.SearchBinarySearch", "013.SearchBinarySearch\013.SearchBinarySearch.csproj", "{9EF87460-1D0B-4F1D-9B7F-6AD4F5D381B0}"
EndProject
Global
	GlobalSection(SolutionConfigurationPlatforms) = preSolution
		Debug|Any CPU = Debug|Any CPU
		Release|Any CPU = Release|Any CPU
	EndGlobalSection
	GlobalSection(ProjectConfigurationPlatforms) = postSolution
		{EE4C8356-9287-4554-9D3E-4C49ABF4993D}.Debug|Any CPU.ActiveCfg = Debug|Any CPU
		{EE4C8356-9287-4554-9D3E-4C49ABF4993D}.Debug|Any CPU.Build.0 = Debug|Any CPU
		{EE4C8356-9287-4554-9D3E-4C49ABF4993D}.Release|Any CPU.ActiveCfg = Release|Any CPU
		{EE4C8356-9287-4554-9D3E-4C49ABF4993D}.Release|Any CPU.Build.0 = Release|Any CPU
		{CD36D09B-97DF-4552-BF95-015A92747B48}.Debug|Any CPU.ActiveCfg = Debug|Any CPU
		{CD36D09B-97DF-4552-BF95-015A92747B48}.Debug|Any CPU.Build.0 = Debug|Any CPU
		{CD36D09B-97DF-4552-BF95-015A92747B48}.Release|Any CPU.ActiveCfg = Release|Any CPU
		{CD36D09B-97DF-4552-BF95-015A92747B48}.Release|Any CPU.Build.0 = Release|Any CPU
		{CA3ED558-7AEC-4365-9A7E-C5869002B851}.Debug|Any CPU.ActiveCfg = Debug|Any CPU
		{CA3ED558-7AEC-4365-9A7E-C5869002B851}.Debug|Any CPU.Build.0 = Debug|Any CPU
		{CA3ED558-7AEC-4365-9A7E-C5869002B851}.Release|Any CPU.ActiveCfg = Release|Any CPU
		{CA3ED558-7AEC-4365-9A7E-C5869002B851}.Release|Any CPU.Build.0 = Release|Any CPU
		{C6D10F7E-5F3B-4048-803D-20E76A0C10E9}.Debug|Any CPU.ActiveCfg = Debug|Any CPU
		{C6D10F7E-5F3B-4048-803D-20E76A0C10E9}.Debug|Any CPU.Build.0 = Debug|Any CPU
		{C6D10F7E-5F3B-4048-803D-20E76A0C10E9}.Release|Any CPU.ActiveCfg = Release|Any CPU
		{C6D10F7E-5F3B-4048-803D-20E76A0C10E9}.Release|Any CPU.Build.0 = Release|Any CPU
		{80043B32-904F-4724-B79A-DFB1F73C28C5}.Debug|Any CPU.ActiveCfg = Debug|Any CPU
		{80043B32-904F-4724-B79A-DFB1F73C28C5}.Debug|Any CPU.Build.0 = Debug|Any CPU
		{80043B32-904F-4724-B79A-DFB1F73C28C5}.Release|Any CPU.ActiveCfg = Release|Any CPU
		{80043B32-904F-4724-B79A-DFB1F73C28C5}.Release|Any CPU.Build.0 = Release|Any CPU
		{310B067B-2C83-469F-A8CF-6C84790285BD}.Debug|Any CPU.ActiveCfg = Debug|Any CPU
		{310B067B-2C83-469F-A8CF-6C84790285BD}.Debug|Any CPU.Build.0 = Debug|Any CPU
		{310B067B-2C83-469F-A8CF-6C84790285BD}.Release|Any CPU.ActiveCfg = Release|Any CPU
		{310B067B-2C83-469F-A8CF-6C84790285BD}.Release|Any CPU.Build.0 = Release|Any CPU
		{DB82CC54-6626-4B4B-8477-06EFDEFF334C}.Debug|Any CPU.ActiveCfg = Debug|Any CPU
		{DB82CC54-6626-4B4B-8477-06EFDEFF334C}.Debug|Any CPU.Build.0 = Debug|Any CPU
		{DB82CC54-6626-4B4B-8477-06EFDEFF334C}.Release|Any CPU.ActiveCfg = Release|Any CPU
		{DB82CC54-6626-4B4B-8477-06EFDEFF334C}.Release|Any CPU.Build.0 = Release|Any CPU
		{CC4D23C6-E710-4D86-8465-BA2ADA8960C4}.Debug|Any CPU.ActiveCfg = Debug|Any CPU
		{CC4D23C6-E710-4D86-8465-BA2ADA8960C4}.Debug|Any CPU.Build.0 = Debug|Any CPU
		{CC4D23C6-E710-4D86-8465-BA2ADA8960C4}.Release|Any CPU.ActiveCfg = Release|Any CPU
		{CC4D23C6-E710-4D86-8465-BA2ADA8960C4}.Release|Any CPU.Build.0 = Release|Any CPU
		{4D3040F1-D5F6-45CA-8BD4-7FDBB78F2846}.Debug|Any CPU.ActiveCfg = Debug|Any CPU
		{4D3040F1-D5F6-45CA-8BD4-7FDBB78F2846}.Debug|Any CPU.Build.0 = Debug|Any CPU
		{4D3040F1-D5F6-45CA-8BD4-7FDBB78F2846}.Release|Any CPU.ActiveCfg = Release|Any CPU
		{4D3040F1-D5F6-45CA-8BD4-7FDBB78F2846}.Release|Any CPU.Build.0 = Release|Any CPU
		{51E77847-EBA7-4DFE-8BD3-403138D0EE3C}.Debug|Any CPU.ActiveCfg = Debug|Any CPU
		{51E77847-EBA7-4DFE-8BD3-403138D0EE3C}.Debug|Any CPU.Build.0 = Debug|Any CPU
		{51E77847-EBA7-4DFE-8BD3-403138D0EE3C}.Release|Any CPU.ActiveCfg = Release|Any CPU
		{51E77847-EBA7-4DFE-8BD3-403138D0EE3C}.Release|Any CPU.Build.0 = Release|Any CPU
		{9139873D-3C94-49A9-A9FE-8ACFA1809624}.Debug|Any CPU.ActiveCfg = Debug|Any CPU
		{9139873D-3C94-49A9-A9FE-8ACFA1809624}.Debug|Any CPU.Build.0 = Debug|Any CPU
		{9139873D-3C94-49A9-A9FE-8ACFA1809624}.Release|Any CPU.ActiveCfg = Release|Any CPU
		{9139873D-3C94-49A9-A9FE-8ACFA1809624}.Release|Any CPU.Build.0 = Release|Any CPU
		{3EE889B4-6F01-4B93-A141-F34D8E6A7669}.Debug|Any CPU.ActiveCfg = Debug|Any CPU
		{3EE889B4-6F01-4B93-A141-F34D8E6A7669}.Debug|Any CPU.Build.0 = Debug|Any CPU
		{3EE889B4-6F01-4B93-A141-F34D8E6A7669}.Release|Any CPU.ActiveCfg = Release|Any CPU
		{3EE889B4-6F01-4B93-A141-F34D8E6A7669}.Release|Any CPU.Build.0 = Release|Any CPU
		{C1A6D84E-B6A6-49C4-9D9C-8DD8EB9125CC}.Debug|Any CPU.ActiveCfg = Debug|Any CPU
		{C1A6D84E-B6A6-49C4-9D9C-8DD8EB9125CC}.Debug|Any CPU.Build.0 = Debug|Any CPU
		{C1A6D84E-B6A6-49C4-9D9C-8DD8EB9125CC}.Release|Any CPU.ActiveCfg = Release|Any CPU
		{C1A6D84E-B6A6-49C4-9D9C-8DD8EB9125CC}.Release|Any CPU.Build.0 = Release|Any CPU
		{9EF87460-1D0B-4F1D-9B7F-6AD4F5D381B0}.Debug|Any CPU.ActiveCfg = Debug|Any CPU
		{9EF87460-1D0B-4F1D-9B7F-6AD4F5D381B0}.Debug|Any CPU.Build.0 = Debug|Any CPU
		{9EF87460-1D0B-4F1D-9B7F-6AD4F5D381B0}.Release|Any CPU.ActiveCfg = Release|Any CPU
		{9EF87460-1D0B-4F1D-9B7F-6AD4F5D381B0}.Release|Any CPU.Build.0 = Release|Any CPU
	EndGlobalSection
	GlobalSection(SolutionProperties) = preSolution
		HideSolutionNode = FALSE
	EndGlobalSection
	GlobalSection(ExtensibilityGlobals) = postSolution
		SolutionGuid = {94984605-59D7-4EE0-80BE-CF56DA10B940}
	EndGlobalSection
EndGlobal
