
Microsoft Visual Studio Solution File, Format Version 12.00
# Visual Studio Version 17
VisualStudioVersion = 17.10.35013.160
MinimumVisualStudioVersion = 10.0.40219.1
Project("{9A19103F-16F7-4668-BE54-9A1E7A4F7556}") = "01.ReverseStrings", "01.ReverseStrings\01.ReverseStrings.csproj", "{C9F3B3FB-0E6D-42A9-9A8F-FC64B8E52708}"
EndProject
Project("{FAE04EC0-301F-11D3-BF4B-00C04F79EFBC}") = "02. StackSum", "02. StackSum\02. StackSum.csproj", "{5578A540-EB79-4551-B9EE-77190065E237}"
EndProject
Project("{FAE04EC0-301F-11D3-BF4B-00C04F79EFBC}") = "03.SimpleCalculator", "03.SimpleCalculator\03.SimpleCalculator.csproj", "{0ED83DE9-867E-4A8A-8E40-EFEAE6E4A2FB}"
EndProject
Project("{FAE04EC0-301F-11D3-BF4B-00C04F79EFBC}") = "04.MatchingBrackets", "04.MatchingBrackets\04.MatchingBrackets.csproj", "{D2CC7079-4BCD-45D3-AC09-8F7BECC4C504}"
EndProject
Global
	GlobalSection(SolutionConfigurationPlatforms) = preSolution
		Debug|Any CPU = Debug|Any CPU
		Release|Any CPU = Release|Any CPU
	EndGlobalSection
	GlobalSection(ProjectConfigurationPlatforms) = postSolution
		{C9F3B3FB-0E6D-42A9-9A8F-FC64B8E52708}.Debug|Any CPU.ActiveCfg = Debug|Any CPU
		{C9F3B3FB-0E6D-42A9-9A8F-FC64B8E52708}.Debug|Any CPU.Build.0 = Debug|Any CPU
		{C9F3B3FB-0E6D-42A9-9A8F-FC64B8E52708}.Release|Any CPU.ActiveCfg = Release|Any CPU
		{C9F3B3FB-0E6D-42A9-9A8F-FC64B8E52708}.Release|Any CPU.Build.0 = Release|Any CPU
		{5578A540-EB79-4551-B9EE-77190065E237}.Debug|Any CPU.ActiveCfg = Debug|Any CPU
		{5578A540-EB79-4551-B9EE-77190065E237}.Debug|Any CPU.Build.0 = Debug|Any CPU
		{5578A540-EB79-4551-B9EE-77190065E237}.Release|Any CPU.ActiveCfg = Release|Any CPU
		{5578A540-EB79-4551-B9EE-77190065E237}.Release|Any CPU.Build.0 = Release|Any CPU
		{0ED83DE9-867E-4A8A-8E40-EFEAE6E4A2FB}.Debug|Any CPU.ActiveCfg = Debug|Any CPU
		{0ED83DE9-867E-4A8A-8E40-EFEAE6E4A2FB}.Debug|Any CPU.Build.0 = Debug|Any CPU
		{0ED83DE9-867E-4A8A-8E40-EFEAE6E4A2FB}.Release|Any CPU.ActiveCfg = Release|Any CPU
		{0ED83DE9-867E-4A8A-8E40-EFEAE6E4A2FB}.Release|Any CPU.Build.0 = Release|Any CPU
		{D2CC7079-4BCD-45D3-AC09-8F7BECC4C504}.Debug|Any CPU.ActiveCfg = Debug|Any CPU
		{D2CC7079-4BCD-45D3-AC09-8F7BECC4C504}.Debug|Any CPU.Build.0 = Debug|Any CPU
		{D2CC7079-4BCD-45D3-AC09-8F7BECC4C504}.Release|Any CPU.ActiveCfg = Release|Any CPU
		{D2CC7079-4BCD-45D3-AC09-8F7BECC4C504}.Release|Any CPU.Build.0 = Release|Any CPU
	EndGlobalSection
	GlobalSection(SolutionProperties) = preSolution
		HideSolutionNode = FALSE
	EndGlobalSection
	GlobalSection(ExtensibilityGlobals) = postSolution
		SolutionGuid = {9F8292FE-D147-4DBF-A81A-306D20AC2F84}
	EndGlobalSection
EndGlobal
