
Microsoft Visual Studio Solution File, Format Version 12.00
# Visual Studio Version 17
VisualStudioVersion = 17.7.34018.315
MinimumVisualStudioVersion = 10.0.40219.1
Project("{9A19103F-16F7-4668-BE54-9A1E7A4F7556}") = "01.CountCharsIn_a_String", "01.CountCharsIn_a_String\01.CountCharsIn_a_String.csproj", "{F93C4D76-E481-48A3-A6BD-B3CB554C6746}"
EndProject
Project("{9A19103F-16F7-4668-BE54-9A1E7A4F7556}") = "02.A_MinerTask", "02.A_MinerTask\02.A_MinerTask.csproj", "{575F11CF-7407-40E1-A9E9-F575AEC836D3}"
EndProject
Project("{9A19103F-16F7-4668-BE54-9A1E7A4F7556}") = "03.Orders", "03.Orders\03.Orders.csproj", "{0A8F0D26-F347-477B-A64F-3AF68D8A3438}"
EndProject
Project("{9A19103F-16F7-4668-BE54-9A1E7A4F7556}") = "04.Orders", "04.Orders\04.Orders.csproj", "{6F075456-CF8D-416D-ABB2-BDCD9F105015}"
EndProject
Project("{9A19103F-16F7-4668-BE54-9A1E7A4F7556}") = "04.SoftUniParking", "04.SoftUniParking\04.SoftUniParking.csproj", "{D9761110-7FEA-4500-80B7-D06936D05BFD}"
EndProject
Project("{9A19103F-16F7-4668-BE54-9A1E7A4F7556}") = "05.Courses", "05.Courses\05.Courses.csproj", "{5C414270-48C1-4EB2-A241-1837037D2C41}"
EndProject
Project("{9A19103F-16F7-4668-BE54-9A1E7A4F7556}") = "06.StudentAcademy", "06.StudentAcademy\06.StudentAcademy.csproj", "{59EA156E-046D-42ED-87B6-4D1A08F6684E}"
EndProject
Project("{9A19103F-16F7-4668-BE54-9A1E7A4F7556}") = "07.CompanyUsers", "07.CompanyUsers\07.CompanyUsers.csproj", "{1F29B618-5A34-4BB0-84FD-81D4EF3FA1DB}"
EndProject
Project("{9A19103F-16F7-4668-BE54-9A1E7A4F7556}") = "09.ForceBook", "09.ForceBook\09.ForceBook.csproj", "{D0578A8C-5731-481A-A27B-08244D9AE0E9}"
EndProject
Project("{9A19103F-16F7-4668-BE54-9A1E7A4F7556}") = "010.SoftUniExamResults", "010.SoftUniExamResults\010.SoftUniExamResults.csproj", "{D55B1830-FE13-460C-B28D-A2DAE0B1748C}"
EndProject
Project("{9A19103F-16F7-4668-BE54-9A1E7A4F7556}") = "01.Ranking", "01.Ranking\01.Ranking.csproj", "{01B5BE0D-EB4A-49CB-86E4-168203484B4F}"
EndProject
Project("{9A19103F-16F7-4668-BE54-9A1E7A4F7556}") = "02.Judge", "02.Judge\02.Judge.csproj", "{CF0C0DC5-6AD2-41D7-966E-904C8894A6D2}"
EndProject
Project("{9A19103F-16F7-4668-BE54-9A1E7A4F7556}") = "03.MOBAChallenger", "03.MOBAChallenger\03.MOBAChallenger.csproj", "{78982B89-16CC-4E80-B812-57A212BF6BAE}"
EndProject
Project("{9A19103F-16F7-4668-BE54-9A1E7A4F7556}") = "04.Snowwhite", "04.Snowwhite\04.Snowwhite.csproj", "{24D9BC24-AB14-4BC8-9428-1F3A9FF1D445}"
EndProject
Project("{FAE04EC0-301F-11D3-BF4B-00C04F79EFBC}") = "05.DragonArmy", "05.DragonArmy\05.DragonArmy.csproj", "{17D1C3F4-3A38-43CE-B327-E4C7FFF6190D}"
EndProject
Global
	GlobalSection(SolutionConfigurationPlatforms) = preSolution
		Debug|Any CPU = Debug|Any CPU
		Release|Any CPU = Release|Any CPU
	EndGlobalSection
	GlobalSection(ProjectConfigurationPlatforms) = postSolution
		{F93C4D76-E481-48A3-A6BD-B3CB554C6746}.Debug|Any CPU.ActiveCfg = Debug|Any CPU
		{F93C4D76-E481-48A3-A6BD-B3CB554C6746}.Debug|Any CPU.Build.0 = Debug|Any CPU
		{F93C4D76-E481-48A3-A6BD-B3CB554C6746}.Release|Any CPU.ActiveCfg = Release|Any CPU
		{F93C4D76-E481-48A3-A6BD-B3CB554C6746}.Release|Any CPU.Build.0 = Release|Any CPU
		{575F11CF-7407-40E1-A9E9-F575AEC836D3}.Debug|Any CPU.ActiveCfg = Debug|Any CPU
		{575F11CF-7407-40E1-A9E9-F575AEC836D3}.Debug|Any CPU.Build.0 = Debug|Any CPU
		{575F11CF-7407-40E1-A9E9-F575AEC836D3}.Release|Any CPU.ActiveCfg = Release|Any CPU
		{575F11CF-7407-40E1-A9E9-F575AEC836D3}.Release|Any CPU.Build.0 = Release|Any CPU
		{0A8F0D26-F347-477B-A64F-3AF68D8A3438}.Debug|Any CPU.ActiveCfg = Debug|Any CPU
		{0A8F0D26-F347-477B-A64F-3AF68D8A3438}.Debug|Any CPU.Build.0 = Debug|Any CPU
		{0A8F0D26-F347-477B-A64F-3AF68D8A3438}.Release|Any CPU.ActiveCfg = Release|Any CPU
		{0A8F0D26-F347-477B-A64F-3AF68D8A3438}.Release|Any CPU.Build.0 = Release|Any CPU
		{6F075456-CF8D-416D-ABB2-BDCD9F105015}.Debug|Any CPU.ActiveCfg = Debug|Any CPU
		{6F075456-CF8D-416D-ABB2-BDCD9F105015}.Debug|Any CPU.Build.0 = Debug|Any CPU
		{6F075456-CF8D-416D-ABB2-BDCD9F105015}.Release|Any CPU.ActiveCfg = Release|Any CPU
		{6F075456-CF8D-416D-ABB2-BDCD9F105015}.Release|Any CPU.Build.0 = Release|Any CPU
		{D9761110-7FEA-4500-80B7-D06936D05BFD}.Debug|Any CPU.ActiveCfg = Debug|Any CPU
		{D9761110-7FEA-4500-80B7-D06936D05BFD}.Debug|Any CPU.Build.0 = Debug|Any CPU
		{D9761110-7FEA-4500-80B7-D06936D05BFD}.Release|Any CPU.ActiveCfg = Release|Any CPU
		{D9761110-7FEA-4500-80B7-D06936D05BFD}.Release|Any CPU.Build.0 = Release|Any CPU
		{5C414270-48C1-4EB2-A241-1837037D2C41}.Debug|Any CPU.ActiveCfg = Debug|Any CPU
		{5C414270-48C1-4EB2-A241-1837037D2C41}.Debug|Any CPU.Build.0 = Debug|Any CPU
		{5C414270-48C1-4EB2-A241-1837037D2C41}.Release|Any CPU.ActiveCfg = Release|Any CPU
		{5C414270-48C1-4EB2-A241-1837037D2C41}.Release|Any CPU.Build.0 = Release|Any CPU
		{59EA156E-046D-42ED-87B6-4D1A08F6684E}.Debug|Any CPU.ActiveCfg = Debug|Any CPU
		{59EA156E-046D-42ED-87B6-4D1A08F6684E}.Debug|Any CPU.Build.0 = Debug|Any CPU
		{59EA156E-046D-42ED-87B6-4D1A08F6684E}.Release|Any CPU.ActiveCfg = Release|Any CPU
		{59EA156E-046D-42ED-87B6-4D1A08F6684E}.Release|Any CPU.Build.0 = Release|Any CPU
		{1F29B618-5A34-4BB0-84FD-81D4EF3FA1DB}.Debug|Any CPU.ActiveCfg = Debug|Any CPU
		{1F29B618-5A34-4BB0-84FD-81D4EF3FA1DB}.Debug|Any CPU.Build.0 = Debug|Any CPU
		{1F29B618-5A34-4BB0-84FD-81D4EF3FA1DB}.Release|Any CPU.ActiveCfg = Release|Any CPU
		{1F29B618-5A34-4BB0-84FD-81D4EF3FA1DB}.Release|Any CPU.Build.0 = Release|Any CPU
		{D0578A8C-5731-481A-A27B-08244D9AE0E9}.Debug|Any CPU.ActiveCfg = Debug|Any CPU
		{D0578A8C-5731-481A-A27B-08244D9AE0E9}.Debug|Any CPU.Build.0 = Debug|Any CPU
		{D0578A8C-5731-481A-A27B-08244D9AE0E9}.Release|Any CPU.ActiveCfg = Release|Any CPU
		{D0578A8C-5731-481A-A27B-08244D9AE0E9}.Release|Any CPU.Build.0 = Release|Any CPU
		{D55B1830-FE13-460C-B28D-A2DAE0B1748C}.Debug|Any CPU.ActiveCfg = Debug|Any CPU
		{D55B1830-FE13-460C-B28D-A2DAE0B1748C}.Debug|Any CPU.Build.0 = Debug|Any CPU
		{D55B1830-FE13-460C-B28D-A2DAE0B1748C}.Release|Any CPU.ActiveCfg = Release|Any CPU
		{D55B1830-FE13-460C-B28D-A2DAE0B1748C}.Release|Any CPU.Build.0 = Release|Any CPU
		{01B5BE0D-EB4A-49CB-86E4-168203484B4F}.Debug|Any CPU.ActiveCfg = Debug|Any CPU
		{01B5BE0D-EB4A-49CB-86E4-168203484B4F}.Debug|Any CPU.Build.0 = Debug|Any CPU
		{01B5BE0D-EB4A-49CB-86E4-168203484B4F}.Release|Any CPU.ActiveCfg = Release|Any CPU
		{01B5BE0D-EB4A-49CB-86E4-168203484B4F}.Release|Any CPU.Build.0 = Release|Any CPU
		{CF0C0DC5-6AD2-41D7-966E-904C8894A6D2}.Debug|Any CPU.ActiveCfg = Debug|Any CPU
		{CF0C0DC5-6AD2-41D7-966E-904C8894A6D2}.Debug|Any CPU.Build.0 = Debug|Any CPU
		{CF0C0DC5-6AD2-41D7-966E-904C8894A6D2}.Release|Any CPU.ActiveCfg = Release|Any CPU
		{CF0C0DC5-6AD2-41D7-966E-904C8894A6D2}.Release|Any CPU.Build.0 = Release|Any CPU
		{78982B89-16CC-4E80-B812-57A212BF6BAE}.Debug|Any CPU.ActiveCfg = Debug|Any CPU
		{78982B89-16CC-4E80-B812-57A212BF6BAE}.Debug|Any CPU.Build.0 = Debug|Any CPU
		{78982B89-16CC-4E80-B812-57A212BF6BAE}.Release|Any CPU.ActiveCfg = Release|Any CPU
		{78982B89-16CC-4E80-B812-57A212BF6BAE}.Release|Any CPU.Build.0 = Release|Any CPU
		{24D9BC24-AB14-4BC8-9428-1F3A9FF1D445}.Debug|Any CPU.ActiveCfg = Debug|Any CPU
		{24D9BC24-AB14-4BC8-9428-1F3A9FF1D445}.Debug|Any CPU.Build.0 = Debug|Any CPU
		{24D9BC24-AB14-4BC8-9428-1F3A9FF1D445}.Release|Any CPU.ActiveCfg = Release|Any CPU
		{24D9BC24-AB14-4BC8-9428-1F3A9FF1D445}.Release|Any CPU.Build.0 = Release|Any CPU
		{17D1C3F4-3A38-43CE-B327-E4C7FFF6190D}.Debug|Any CPU.ActiveCfg = Debug|Any CPU
		{17D1C3F4-3A38-43CE-B327-E4C7FFF6190D}.Debug|Any CPU.Build.0 = Debug|Any CPU
		{17D1C3F4-3A38-43CE-B327-E4C7FFF6190D}.Release|Any CPU.ActiveCfg = Release|Any CPU
		{17D1C3F4-3A38-43CE-B327-E4C7FFF6190D}.Release|Any CPU.Build.0 = Release|Any CPU
	EndGlobalSection
	GlobalSection(SolutionProperties) = preSolution
		HideSolutionNode = FALSE
	EndGlobalSection
	GlobalSection(ExtensibilityGlobals) = postSolution
		SolutionGuid = {02964E37-7D8F-4A1D-8DA3-E3772043CE61}
	EndGlobalSection
EndGlobal
