
Microsoft Visual Studio Solution File, Format Version 12.00
# Visual Studio Version 17
VisualStudioVersion = 17.7.34031.279
MinimumVisualStudioVersion = 10.0.40219.1
Project("{9A19103F-16F7-4668-BE54-9A1E7A4F7556}") = "01.DiagonalDifference", "01.DiagonalDifference\01.DiagonalDifference.csproj", "{1366C487-370B-44F7-ACA1-DDB50B5F381F}"
EndProject
Project("{9A19103F-16F7-4668-BE54-9A1E7A4F7556}") = "02.SquaresInMatrix", "02.SquaresInMatrix\02.SquaresInMatrix.csproj", "{5492D295-2E24-425C-890B-F423BCBE934A}"
EndProject
Project("{9A19103F-16F7-4668-BE54-9A1E7A4F7556}") = "03.MaximalSum", "03.MaximalSum\03.MaximalSum.csproj", "{78749DFD-8220-47A5-AB18-771BE813C00A}"
EndProject
Project("{FAE04EC0-301F-11D3-BF4B-00C04F79EFBC}") = "04.MatrixShuffling", "04.MatrixShuffling\04.MatrixShuffling.csproj", "{6297F64E-E067-42D4-99FC-CB2F0CCDE014}"
EndProject
Project("{FAE04EC0-301F-11D3-BF4B-00C04F79EFBC}") = "05.SnakeMoves", "05.SnakeMoves\05.SnakeMoves.csproj", "{92DDC2B3-6E5F-43CE-AC21-E50D94F967E2}"
EndProject
Project("{FAE04EC0-301F-11D3-BF4B-00C04F79EFBC}") = "06.JaggedArrayManipulator", "06.JaggedArrayManipulator\06.JaggedArrayManipulator.csproj", "{9E5B0799-3FD1-4443-B6F5-C1D8AE79D65E}"
EndProject
Project("{FAE04EC0-301F-11D3-BF4B-00C04F79EFBC}") = "07.KnightGame", "07.KnightGame\07.KnightGame.csproj", "{DD74199E-7F3B-422A-8E90-28174AD4D127}"
EndProject
Global
	GlobalSection(SolutionConfigurationPlatforms) = preSolution
		Debug|Any CPU = Debug|Any CPU
		Release|Any CPU = Release|Any CPU
	EndGlobalSection
	GlobalSection(ProjectConfigurationPlatforms) = postSolution
		{1366C487-370B-44F7-ACA1-DDB50B5F381F}.Debug|Any CPU.ActiveCfg = Debug|Any CPU
		{1366C487-370B-44F7-ACA1-DDB50B5F381F}.Debug|Any CPU.Build.0 = Debug|Any CPU
		{1366C487-370B-44F7-ACA1-DDB50B5F381F}.Release|Any CPU.ActiveCfg = Release|Any CPU
		{1366C487-370B-44F7-ACA1-DDB50B5F381F}.Release|Any CPU.Build.0 = Release|Any CPU
		{5492D295-2E24-425C-890B-F423BCBE934A}.Debug|Any CPU.ActiveCfg = Debug|Any CPU
		{5492D295-2E24-425C-890B-F423BCBE934A}.Debug|Any CPU.Build.0 = Debug|Any CPU
		{5492D295-2E24-425C-890B-F423BCBE934A}.Release|Any CPU.ActiveCfg = Release|Any CPU
		{5492D295-2E24-425C-890B-F423BCBE934A}.Release|Any CPU.Build.0 = Release|Any CPU
		{78749DFD-8220-47A5-AB18-771BE813C00A}.Debug|Any CPU.ActiveCfg = Debug|Any CPU
		{78749DFD-8220-47A5-AB18-771BE813C00A}.Debug|Any CPU.Build.0 = Debug|Any CPU
		{78749DFD-8220-47A5-AB18-771BE813C00A}.Release|Any CPU.ActiveCfg = Release|Any CPU
		{78749DFD-8220-47A5-AB18-771BE813C00A}.Release|Any CPU.Build.0 = Release|Any CPU
		{6297F64E-E067-42D4-99FC-CB2F0CCDE014}.Debug|Any CPU.ActiveCfg = Debug|Any CPU
		{6297F64E-E067-42D4-99FC-CB2F0CCDE014}.Debug|Any CPU.Build.0 = Debug|Any CPU
		{6297F64E-E067-42D4-99FC-CB2F0CCDE014}.Release|Any CPU.ActiveCfg = Release|Any CPU
		{6297F64E-E067-42D4-99FC-CB2F0CCDE014}.Release|Any CPU.Build.0 = Release|Any CPU
		{92DDC2B3-6E5F-43CE-AC21-E50D94F967E2}.Debug|Any CPU.ActiveCfg = Debug|Any CPU
		{92DDC2B3-6E5F-43CE-AC21-E50D94F967E2}.Debug|Any CPU.Build.0 = Debug|Any CPU
		{92DDC2B3-6E5F-43CE-AC21-E50D94F967E2}.Release|Any CPU.ActiveCfg = Release|Any CPU
		{92DDC2B3-6E5F-43CE-AC21-E50D94F967E2}.Release|Any CPU.Build.0 = Release|Any CPU
		{9E5B0799-3FD1-4443-B6F5-C1D8AE79D65E}.Debug|Any CPU.ActiveCfg = Debug|Any CPU
		{9E5B0799-3FD1-4443-B6F5-C1D8AE79D65E}.Debug|Any CPU.Build.0 = Debug|Any CPU
		{9E5B0799-3FD1-4443-B6F5-C1D8AE79D65E}.Release|Any CPU.ActiveCfg = Release|Any CPU
		{9E5B0799-3FD1-4443-B6F5-C1D8AE79D65E}.Release|Any CPU.Build.0 = Release|Any CPU
		{DD74199E-7F3B-422A-8E90-28174AD4D127}.Debug|Any CPU.ActiveCfg = Debug|Any CPU
		{DD74199E-7F3B-422A-8E90-28174AD4D127}.Debug|Any CPU.Build.0 = Debug|Any CPU
		{DD74199E-7F3B-422A-8E90-28174AD4D127}.Release|Any CPU.ActiveCfg = Release|Any CPU
		{DD74199E-7F3B-422A-8E90-28174AD4D127}.Release|Any CPU.Build.0 = Release|Any CPU
	EndGlobalSection
	GlobalSection(SolutionProperties) = preSolution
		HideSolutionNode = FALSE
	EndGlobalSection
	GlobalSection(ExtensibilityGlobals) = postSolution
		SolutionGuid = {42E79C55-7868-4345-AB72-0B75716E3673}
	EndGlobalSection
EndGlobal
