
Microsoft Visual Studio Solution File, Format Version 12.00
# Visual Studio Version 17
VisualStudioVersion = 17.7.34031.279
MinimumVisualStudioVersion = 10.0.40219.1
Project("{FAE04EC0-301F-11D3-BF4B-00C04F79EFBC}") = "1.SumAdjacentEqualNumbers", "1.SumAdjacentEqualNumbers\1.SumAdjacentEqualNumbers.csproj", "{7BD47CE7-1CD5-40BA-8D00-6A98BEFFBF0B}"
EndProject
Project("{FAE04EC0-301F-11D3-BF4B-00C04F79EFBC}") = "2.Gauss'Trick", "2.Gauss'Trick\2.Gauss'Trick.csproj", "{A7556D79-BBE0-44FA-9649-737697B9A4C9}"
EndProject
Project("{FAE04EC0-301F-11D3-BF4B-00C04F79EFBC}") = "3.MergingLists", "3.MergingLists\3.MergingLists.csproj", "{E1CBE459-3912-4E72-890C-FDCED6F00D99}"
EndProject
Project("{FAE04EC0-301F-11D3-BF4B-00C04F79EFBC}") = "4.List_of_Products", "4.List_of_Products\4.List_of_Products.csproj", "{F51143E0-9D7C-4F96-8925-7BC9B817D502}"
EndProject
Project("{FAE04EC0-301F-11D3-BF4B-00C04F79EFBC}") = "5.RemoveNegativesAndReverse", "5.RemoveNegativesAndReverse\5.RemoveNegativesAndReverse.csproj", "{D62C8D93-D040-46B3-85B2-174672722655}"
EndProject
Project("{FAE04EC0-301F-11D3-BF4B-00C04F79EFBC}") = "6.ListManipulationBasics", "6.ListManipulationBasics\6.ListManipulationBasics.csproj", "{30AAE574-1652-46C0-9DEB-2FB3AB9993C2}"
EndProject
Global
	GlobalSection(SolutionConfigurationPlatforms) = preSolution
		Debug|Any CPU = Debug|Any CPU
		Release|Any CPU = Release|Any CPU
	EndGlobalSection
	GlobalSection(ProjectConfigurationPlatforms) = postSolution
		{7BD47CE7-1CD5-40BA-8D00-6A98BEFFBF0B}.Debug|Any CPU.ActiveCfg = Debug|Any CPU
		{7BD47CE7-1CD5-40BA-8D00-6A98BEFFBF0B}.Debug|Any CPU.Build.0 = Debug|Any CPU
		{7BD47CE7-1CD5-40BA-8D00-6A98BEFFBF0B}.Release|Any CPU.ActiveCfg = Release|Any CPU
		{7BD47CE7-1CD5-40BA-8D00-6A98BEFFBF0B}.Release|Any CPU.Build.0 = Release|Any CPU
		{A7556D79-BBE0-44FA-9649-737697B9A4C9}.Debug|Any CPU.ActiveCfg = Debug|Any CPU
		{A7556D79-BBE0-44FA-9649-737697B9A4C9}.Debug|Any CPU.Build.0 = Debug|Any CPU
		{A7556D79-BBE0-44FA-9649-737697B9A4C9}.Release|Any CPU.ActiveCfg = Release|Any CPU
		{A7556D79-BBE0-44FA-9649-737697B9A4C9}.Release|Any CPU.Build.0 = Release|Any CPU
		{E1CBE459-3912-4E72-890C-FDCED6F00D99}.Debug|Any CPU.ActiveCfg = Debug|Any CPU
		{E1CBE459-3912-4E72-890C-FDCED6F00D99}.Debug|Any CPU.Build.0 = Debug|Any CPU
		{E1CBE459-3912-4E72-890C-FDCED6F00D99}.Release|Any CPU.ActiveCfg = Release|Any CPU
		{E1CBE459-3912-4E72-890C-FDCED6F00D99}.Release|Any CPU.Build.0 = Release|Any CPU
		{F51143E0-9D7C-4F96-8925-7BC9B817D502}.Debug|Any CPU.ActiveCfg = Debug|Any CPU
		{F51143E0-9D7C-4F96-8925-7BC9B817D502}.Debug|Any CPU.Build.0 = Debug|Any CPU
		{F51143E0-9D7C-4F96-8925-7BC9B817D502}.Release|Any CPU.ActiveCfg = Release|Any CPU
		{F51143E0-9D7C-4F96-8925-7BC9B817D502}.Release|Any CPU.Build.0 = Release|Any CPU
		{D62C8D93-D040-46B3-85B2-174672722655}.Debug|Any CPU.ActiveCfg = Debug|Any CPU
		{D62C8D93-D040-46B3-85B2-174672722655}.Debug|Any CPU.Build.0 = Debug|Any CPU
		{D62C8D93-D040-46B3-85B2-174672722655}.Release|Any CPU.ActiveCfg = Release|Any CPU
		{D62C8D93-D040-46B3-85B2-174672722655}.Release|Any CPU.Build.0 = Release|Any CPU
		{30AAE574-1652-46C0-9DEB-2FB3AB9993C2}.Debug|Any CPU.ActiveCfg = Debug|Any CPU
		{30AAE574-1652-46C0-9DEB-2FB3AB9993C2}.Debug|Any CPU.Build.0 = Debug|Any CPU
		{30AAE574-1652-46C0-9DEB-2FB3AB9993C2}.Release|Any CPU.ActiveCfg = Release|Any CPU
		{30AAE574-1652-46C0-9DEB-2FB3AB9993C2}.Release|Any CPU.Build.0 = Release|Any CPU
	EndGlobalSection
	GlobalSection(SolutionProperties) = preSolution
		HideSolutionNode = FALSE
	EndGlobalSection
	GlobalSection(ExtensibilityGlobals) = postSolution
		SolutionGuid = {877E640E-A830-4075-8221-7E3898DB78CF}
	EndGlobalSection
EndGlobal
