
Microsoft Visual Studio Solution File, Format Version 12.00
# Visual Studio Version 17
VisualStudioVersion = 17.7.34018.315
MinimumVisualStudioVersion = 10.0.40219.1
Project("{9A19103F-16F7-4668-BE54-9A1E7A4F7556}") = "01.Counter-Strike", "01.Counter-Strike\01.Counter-Strike.csproj", "{E257501A-95C3-44F7-BC28-9729D3B68463}"
EndProject
Project("{9A19103F-16F7-4668-BE54-9A1E7A4F7556}") = "02.ShootForTheWin", "02.ShootForTheWin\02.ShootForTheWin.csproj", "{8BCC3EE0-C6F1-4EE2-BB25-A7570DD17B56}"
EndProject
Project("{FAE04EC0-301F-11D3-BF4B-00C04F79EFBC}") = "03.MovingTarget", "03.MovingTarget\03.MovingTarget.csproj", "{65BE39B9-54FB-44F2-8470-B601B4CA8E69}"
EndProject
Project("{FAE04EC0-301F-11D3-BF4B-00C04F79EFBC}") = "04.GuineaPig", "04.GuineaPig\04.GuineaPig.csproj", "{2C3D13CD-C1ED-4D9D-AB8A-B5BB0D5E0458}"
EndProject
Project("{FAE04EC0-301F-11D3-BF4B-00C04F79EFBC}") = "05.ShoppingList", "05.ShoppingList\05.ShoppingList.csproj", "{37B880D7-7A08-4385-B924-D3E47138C6E2}"
EndProject
Project("{FAE04EC0-301F-11D3-BF4B-00C04F79EFBC}") = "06.HeartDelivery", "06.HeartDelivery\06.HeartDelivery.csproj", "{14D7813A-A9FE-4138-B785-D425D92D6011}"
EndProject
Global
	GlobalSection(SolutionConfigurationPlatforms) = preSolution
		Debug|Any CPU = Debug|Any CPU
		Release|Any CPU = Release|Any CPU
	EndGlobalSection
	GlobalSection(ProjectConfigurationPlatforms) = postSolution
		{E257501A-95C3-44F7-BC28-9729D3B68463}.Debug|Any CPU.ActiveCfg = Debug|Any CPU
		{E257501A-95C3-44F7-BC28-9729D3B68463}.Debug|Any CPU.Build.0 = Debug|Any CPU
		{E257501A-95C3-44F7-BC28-9729D3B68463}.Release|Any CPU.ActiveCfg = Release|Any CPU
		{E257501A-95C3-44F7-BC28-9729D3B68463}.Release|Any CPU.Build.0 = Release|Any CPU
		{8BCC3EE0-C6F1-4EE2-BB25-A7570DD17B56}.Debug|Any CPU.ActiveCfg = Debug|Any CPU
		{8BCC3EE0-C6F1-4EE2-BB25-A7570DD17B56}.Debug|Any CPU.Build.0 = Debug|Any CPU
		{8BCC3EE0-C6F1-4EE2-BB25-A7570DD17B56}.Release|Any CPU.ActiveCfg = Release|Any CPU
		{8BCC3EE0-C6F1-4EE2-BB25-A7570DD17B56}.Release|Any CPU.Build.0 = Release|Any CPU
		{65BE39B9-54FB-44F2-8470-B601B4CA8E69}.Debug|Any CPU.ActiveCfg = Debug|Any CPU
		{65BE39B9-54FB-44F2-8470-B601B4CA8E69}.Debug|Any CPU.Build.0 = Debug|Any CPU
		{65BE39B9-54FB-44F2-8470-B601B4CA8E69}.Release|Any CPU.ActiveCfg = Release|Any CPU
		{65BE39B9-54FB-44F2-8470-B601B4CA8E69}.Release|Any CPU.Build.0 = Release|Any CPU
		{2C3D13CD-C1ED-4D9D-AB8A-B5BB0D5E0458}.Debug|Any CPU.ActiveCfg = Debug|Any CPU
		{2C3D13CD-C1ED-4D9D-AB8A-B5BB0D5E0458}.Debug|Any CPU.Build.0 = Debug|Any CPU
		{2C3D13CD-C1ED-4D9D-AB8A-B5BB0D5E0458}.Release|Any CPU.ActiveCfg = Release|Any CPU
		{2C3D13CD-C1ED-4D9D-AB8A-B5BB0D5E0458}.Release|Any CPU.Build.0 = Release|Any CPU
		{37B880D7-7A08-4385-B924-D3E47138C6E2}.Debug|Any CPU.ActiveCfg = Debug|Any CPU
		{37B880D7-7A08-4385-B924-D3E47138C6E2}.Debug|Any CPU.Build.0 = Debug|Any CPU
		{37B880D7-7A08-4385-B924-D3E47138C6E2}.Release|Any CPU.ActiveCfg = Release|Any CPU
		{37B880D7-7A08-4385-B924-D3E47138C6E2}.Release|Any CPU.Build.0 = Release|Any CPU
		{14D7813A-A9FE-4138-B785-D425D92D6011}.Debug|Any CPU.ActiveCfg = Debug|Any CPU
		{14D7813A-A9FE-4138-B785-D425D92D6011}.Debug|Any CPU.Build.0 = Debug|Any CPU
		{14D7813A-A9FE-4138-B785-D425D92D6011}.Release|Any CPU.ActiveCfg = Release|Any CPU
		{14D7813A-A9FE-4138-B785-D425D92D6011}.Release|Any CPU.Build.0 = Release|Any CPU
	EndGlobalSection
	GlobalSection(SolutionProperties) = preSolution
		HideSolutionNode = FALSE
	EndGlobalSection
	GlobalSection(ExtensibilityGlobals) = postSolution
		SolutionGuid = {75CC1CA2-3203-4649-A3D7-E62B04D3ECED}
	EndGlobalSection
EndGlobal
