
Microsoft Visual Studio Solution File, Format Version 12.00
# Visual Studio Version 17
VisualStudioVersion = 17.11.35222.181
MinimumVisualStudioVersion = 10.0.40219.1
Project("{FAE04EC0-301F-11D3-BF4B-00C04F79EFBC}") = "01.SquareRoot", "01.SquareRoot\01.SquareRoot.csproj", "{FB232279-1EF8-4AC2-BA6C-35753116459E}"
EndProject
Project("{FAE04EC0-301F-11D3-BF4B-00C04F79EFBC}") = "02.EnterNumbers", "02.EnterNumbers\02.EnterNumbers.csproj", "{F7A48BDB-DF58-4E44-9349-8F39DAB3BE12}"
EndProject
Project("{FAE04EC0-301F-11D3-BF4B-00C04F79EFBC}") = "03.Fixing", "03.Fixing\03.Fixing.csproj", "{16C4779C-9B57-414E-AD5D-B69A941E60C3}"
EndProject
Project("{FAE04EC0-301F-11D3-BF4B-00C04F79EFBC}") = "04.FixingVol2", "04.FixingVol2\04.FixingVol2.csproj", "{EE7C9393-1110-42AC-9DD3-6AC693842950}"
EndProject
Project("{FAE04EC0-301F-11D3-BF4B-00C04F79EFBC}") = "05.Convert.ToDouble", "05.Convert.ToDouble\05.Convert.ToDouble.csproj", "{44FA71DC-85E8-4380-A5E8-7F8DC0363815}"
EndProject
Global
	GlobalSection(SolutionConfigurationPlatforms) = preSolution
		Debug|Any CPU = Debug|Any CPU
		Release|Any CPU = Release|Any CPU
	EndGlobalSection
	GlobalSection(ProjectConfigurationPlatforms) = postSolution
		{FB232279-1EF8-4AC2-BA6C-35753116459E}.Debug|Any CPU.ActiveCfg = Debug|Any CPU
		{FB232279-1EF8-4AC2-BA6C-35753116459E}.Debug|Any CPU.Build.0 = Debug|Any CPU
		{FB232279-1EF8-4AC2-BA6C-35753116459E}.Release|Any CPU.ActiveCfg = Release|Any CPU
		{FB232279-1EF8-4AC2-BA6C-35753116459E}.Release|Any CPU.Build.0 = Release|Any CPU
		{F7A48BDB-DF58-4E44-9349-8F39DAB3BE12}.Debug|Any CPU.ActiveCfg = Debug|Any CPU
		{F7A48BDB-DF58-4E44-9349-8F39DAB3BE12}.Debug|Any CPU.Build.0 = Debug|Any CPU
		{F7A48BDB-DF58-4E44-9349-8F39DAB3BE12}.Release|Any CPU.ActiveCfg = Release|Any CPU
		{F7A48BDB-DF58-4E44-9349-8F39DAB3BE12}.Release|Any CPU.Build.0 = Release|Any CPU
		{16C4779C-9B57-414E-AD5D-B69A941E60C3}.Debug|Any CPU.ActiveCfg = Debug|Any CPU
		{16C4779C-9B57-414E-AD5D-B69A941E60C3}.Debug|Any CPU.Build.0 = Debug|Any CPU
		{16C4779C-9B57-414E-AD5D-B69A941E60C3}.Release|Any CPU.ActiveCfg = Release|Any CPU
		{16C4779C-9B57-414E-AD5D-B69A941E60C3}.Release|Any CPU.Build.0 = Release|Any CPU
		{EE7C9393-1110-42AC-9DD3-6AC693842950}.Debug|Any CPU.ActiveCfg = Debug|Any CPU
		{EE7C9393-1110-42AC-9DD3-6AC693842950}.Debug|Any CPU.Build.0 = Debug|Any CPU
		{EE7C9393-1110-42AC-9DD3-6AC693842950}.Release|Any CPU.ActiveCfg = Release|Any CPU
		{EE7C9393-1110-42AC-9DD3-6AC693842950}.Release|Any CPU.Build.0 = Release|Any CPU
		{44FA71DC-85E8-4380-A5E8-7F8DC0363815}.Debug|Any CPU.ActiveCfg = Debug|Any CPU
		{44FA71DC-85E8-4380-A5E8-7F8DC0363815}.Debug|Any CPU.Build.0 = Debug|Any CPU
		{44FA71DC-85E8-4380-A5E8-7F8DC0363815}.Release|Any CPU.ActiveCfg = Release|Any CPU
		{44FA71DC-85E8-4380-A5E8-7F8DC0363815}.Release|Any CPU.Build.0 = Release|Any CPU
	EndGlobalSection
	GlobalSection(SolutionProperties) = preSolution
		HideSolutionNode = FALSE
	EndGlobalSection
	GlobalSection(ExtensibilityGlobals) = postSolution
		SolutionGuid = {E1E7201B-7079-46D5-87B6-A19B7ADF5DAD}
	EndGlobalSection
EndGlobal
