
Microsoft Visual Studio Solution File, Format Version 12.00
# Visual Studio Version 17
VisualStudioVersion = 17.10.35013.160
MinimumVisualStudioVersion = 10.0.40219.1
Project("{9A19103F-16F7-4668-BE54-9A1E7A4F7556}") = "01.EvenLines", "01.EvenLines\01.EvenLines.csproj", "{863E5DB7-08F6-440A-9880-B6622DE1A1E0}"
EndProject
Project("{9A19103F-16F7-4668-BE54-9A1E7A4F7556}") = "02.LineNumbers", "02.LineNumbers\02.LineNumbers.csproj", "{6288D12E-7334-425E-9E99-0B571DD2BC1B}"
EndProject
Project("{FAE04EC0-301F-11D3-BF4B-00C04F79EFBC}") = "03.WordCount", "03.WordCount\03.WordCount.csproj", "{B9C896BB-9234-4BAC-8E5C-8A14DDEE9489}"
EndProject
Project("{FAE04EC0-301F-11D3-BF4B-00C04F79EFBC}") = "04.CopyBinaryFile", "04.CopyBinaryFile\04.CopyBinaryFile.csproj", "{63751D5D-F16A-4228-BD75-1FCA09529CD6}"
EndProject
Project("{FAE04EC0-301F-11D3-BF4B-00C04F79EFBC}") = "05.DirectoryTraversal", "05.DirectoryTraversal\05.DirectoryTraversal.csproj", "{0D7ED4D2-1E31-4BB7-8D3A-BEB7942899E8}"
EndProject
Project("{FAE04EC0-301F-11D3-BF4B-00C04F79EFBC}") = "06.ZipAndExtract", "06.ZipAndExtract\06.ZipAndExtract.csproj", "{5DC17CC3-5423-48F2-A797-E8F1408E2047}"
EndProject
Global
	GlobalSection(SolutionConfigurationPlatforms) = preSolution
		Debug|Any CPU = Debug|Any CPU
		Release|Any CPU = Release|Any CPU
	EndGlobalSection
	GlobalSection(ProjectConfigurationPlatforms) = postSolution
		{863E5DB7-08F6-440A-9880-B6622DE1A1E0}.Debug|Any CPU.ActiveCfg = Debug|Any CPU
		{863E5DB7-08F6-440A-9880-B6622DE1A1E0}.Debug|Any CPU.Build.0 = Debug|Any CPU
		{863E5DB7-08F6-440A-9880-B6622DE1A1E0}.Release|Any CPU.ActiveCfg = Release|Any CPU
		{863E5DB7-08F6-440A-9880-B6622DE1A1E0}.Release|Any CPU.Build.0 = Release|Any CPU
		{6288D12E-7334-425E-9E99-0B571DD2BC1B}.Debug|Any CPU.ActiveCfg = Debug|Any CPU
		{6288D12E-7334-425E-9E99-0B571DD2BC1B}.Debug|Any CPU.Build.0 = Debug|Any CPU
		{6288D12E-7334-425E-9E99-0B571DD2BC1B}.Release|Any CPU.ActiveCfg = Release|Any CPU
		{6288D12E-7334-425E-9E99-0B571DD2BC1B}.Release|Any CPU.Build.0 = Release|Any CPU
		{B9C896BB-9234-4BAC-8E5C-8A14DDEE9489}.Debug|Any CPU.ActiveCfg = Debug|Any CPU
		{B9C896BB-9234-4BAC-8E5C-8A14DDEE9489}.Debug|Any CPU.Build.0 = Debug|Any CPU
		{B9C896BB-9234-4BAC-8E5C-8A14DDEE9489}.Release|Any CPU.ActiveCfg = Release|Any CPU
		{B9C896BB-9234-4BAC-8E5C-8A14DDEE9489}.Release|Any CPU.Build.0 = Release|Any CPU
		{63751D5D-F16A-4228-BD75-1FCA09529CD6}.Debug|Any CPU.ActiveCfg = Debug|Any CPU
		{63751D5D-F16A-4228-BD75-1FCA09529CD6}.Debug|Any CPU.Build.0 = Debug|Any CPU
		{63751D5D-F16A-4228-BD75-1FCA09529CD6}.Release|Any CPU.ActiveCfg = Release|Any CPU
		{63751D5D-F16A-4228-BD75-1FCA09529CD6}.Release|Any CPU.Build.0 = Release|Any CPU
		{0D7ED4D2-1E31-4BB7-8D3A-BEB7942899E8}.Debug|Any CPU.ActiveCfg = Debug|Any CPU
		{0D7ED4D2-1E31-4BB7-8D3A-BEB7942899E8}.Debug|Any CPU.Build.0 = Debug|Any CPU
		{0D7ED4D2-1E31-4BB7-8D3A-BEB7942899E8}.Release|Any CPU.ActiveCfg = Release|Any CPU
		{0D7ED4D2-1E31-4BB7-8D3A-BEB7942899E8}.Release|Any CPU.Build.0 = Release|Any CPU
		{5DC17CC3-5423-48F2-A797-E8F1408E2047}.Debug|Any CPU.ActiveCfg = Debug|Any CPU
		{5DC17CC3-5423-48F2-A797-E8F1408E2047}.Debug|Any CPU.Build.0 = Debug|Any CPU
		{5DC17CC3-5423-48F2-A797-E8F1408E2047}.Release|Any CPU.ActiveCfg = Release|Any CPU
		{5DC17CC3-5423-48F2-A797-E8F1408E2047}.Release|Any CPU.Build.0 = Release|Any CPU
	EndGlobalSection
	GlobalSection(SolutionProperties) = preSolution
		HideSolutionNode = FALSE
	EndGlobalSection
	GlobalSection(ExtensibilityGlobals) = postSolution
		SolutionGuid = {44860C69-E5C2-40EB-A34C-205DF8AAE906}
	EndGlobalSection
EndGlobal
