
Microsoft Visual Studio Solution File, Format Version 12.00
# Visual Studio Version 17
VisualStudioVersion = 17.7.34018.315
MinimumVisualStudioVersion = 10.0.40219.1
Project("{9A19103F-16F7-4668-BE54-9A1E7A4F7556}") = "01.Furniture", "01.Furniture\01.Furniture.csproj", "{E1C11178-020F-45E2-BF9A-5F6106D6F992}"
EndProject
Project("{9A19103F-16F7-4668-BE54-9A1E7A4F7556}") = "02.Race", "02.Race\02.Race.csproj", "{80FCD691-23F0-41AF-8C12-236D49191C8A}"
EndProject
Project("{9A19103F-16F7-4668-BE54-9A1E7A4F7556}") = "03.SoftUniBarIncome", "03.SoftUniBarIncome\03.SoftUniBarIncome.csproj", "{F1B5C6D2-CF9B-4BF0-84BD-811BCA3818D8}"
EndProject
Project("{FAE04EC0-301F-11D3-BF4B-00C04F79EFBC}") = "05.NetherRealms", "05.NetherRealms\05.NetherRealms.csproj", "{85EF49B1-0702-47F2-B2E5-8F2478CC5BFB}"
EndProject
Project("{FAE04EC0-301F-11D3-BF4B-00C04F79EFBC}") = "04.StarEnigma", "04.StarEnigma\04.StarEnigma.csproj", "{F8EEAABE-E0B3-4CAE-85EE-628B92FF1B69}"
EndProject
Project("{FAE04EC0-301F-11D3-BF4B-00C04F79EFBC}") = "6.ExtractEmails", "6.ExtractEmails\6.ExtractEmails.csproj", "{8CF0140C-08D8-4F2E-92BF-2B85A650ECFB}"
EndProject
Global
	GlobalSection(SolutionConfigurationPlatforms) = preSolution
		Debug|Any CPU = Debug|Any CPU
		Release|Any CPU = Release|Any CPU
	EndGlobalSection
	GlobalSection(ProjectConfigurationPlatforms) = postSolution
		{E1C11178-020F-45E2-BF9A-5F6106D6F992}.Debug|Any CPU.ActiveCfg = Debug|Any CPU
		{E1C11178-020F-45E2-BF9A-5F6106D6F992}.Debug|Any CPU.Build.0 = Debug|Any CPU
		{E1C11178-020F-45E2-BF9A-5F6106D6F992}.Release|Any CPU.ActiveCfg = Release|Any CPU
		{E1C11178-020F-45E2-BF9A-5F6106D6F992}.Release|Any CPU.Build.0 = Release|Any CPU
		{80FCD691-23F0-41AF-8C12-236D49191C8A}.Debug|Any CPU.ActiveCfg = Debug|Any CPU
		{80FCD691-23F0-41AF-8C12-236D49191C8A}.Debug|Any CPU.Build.0 = Debug|Any CPU
		{80FCD691-23F0-41AF-8C12-236D49191C8A}.Release|Any CPU.ActiveCfg = Release|Any CPU
		{80FCD691-23F0-41AF-8C12-236D49191C8A}.Release|Any CPU.Build.0 = Release|Any CPU
		{F1B5C6D2-CF9B-4BF0-84BD-811BCA3818D8}.Debug|Any CPU.ActiveCfg = Debug|Any CPU
		{F1B5C6D2-CF9B-4BF0-84BD-811BCA3818D8}.Debug|Any CPU.Build.0 = Debug|Any CPU
		{F1B5C6D2-CF9B-4BF0-84BD-811BCA3818D8}.Release|Any CPU.ActiveCfg = Release|Any CPU
		{F1B5C6D2-CF9B-4BF0-84BD-811BCA3818D8}.Release|Any CPU.Build.0 = Release|Any CPU
		{85EF49B1-0702-47F2-B2E5-8F2478CC5BFB}.Debug|Any CPU.ActiveCfg = Debug|Any CPU
		{85EF49B1-0702-47F2-B2E5-8F2478CC5BFB}.Debug|Any CPU.Build.0 = Debug|Any CPU
		{85EF49B1-0702-47F2-B2E5-8F2478CC5BFB}.Release|Any CPU.ActiveCfg = Release|Any CPU
		{85EF49B1-0702-47F2-B2E5-8F2478CC5BFB}.Release|Any CPU.Build.0 = Release|Any CPU
		{F8EEAABE-E0B3-4CAE-85EE-628B92FF1B69}.Debug|Any CPU.ActiveCfg = Debug|Any CPU
		{F8EEAABE-E0B3-4CAE-85EE-628B92FF1B69}.Debug|Any CPU.Build.0 = Debug|Any CPU
		{F8EEAABE-E0B3-4CAE-85EE-628B92FF1B69}.Release|Any CPU.ActiveCfg = Release|Any CPU
		{F8EEAABE-E0B3-4CAE-85EE-628B92FF1B69}.Release|Any CPU.Build.0 = Release|Any CPU
		{8CF0140C-08D8-4F2E-92BF-2B85A650ECFB}.Debug|Any CPU.ActiveCfg = Debug|Any CPU
		{8CF0140C-08D8-4F2E-92BF-2B85A650ECFB}.Debug|Any CPU.Build.0 = Debug|Any CPU
		{8CF0140C-08D8-4F2E-92BF-2B85A650ECFB}.Release|Any CPU.ActiveCfg = Release|Any CPU
		{8CF0140C-08D8-4F2E-92BF-2B85A650ECFB}.Release|Any CPU.Build.0 = Release|Any CPU
	EndGlobalSection
	GlobalSection(SolutionProperties) = preSolution
		HideSolutionNode = FALSE
	EndGlobalSection
	GlobalSection(ExtensibilityGlobals) = postSolution
		SolutionGuid = {BF5BE39B-1492-4158-AC05-CF5F134E613D}
	EndGlobalSection
EndGlobal
