
Microsoft Visual Studio Solution File, Format Version 12.00
# Visual Studio Version 17
VisualStudioVersion = 17.7.34031.279
MinimumVisualStudioVersion = 10.0.40219.1
Project("{9A19103F-16F7-4668-BE54-9A1E7A4F7556}") = "06.ExerciseArrays", "06.ExerciseArrays\06.ExerciseArrays.csproj", "{536391D6-0147-414C-989B-ED0C8E5AF7C6}"
EndProject
Project("{9A19103F-16F7-4668-BE54-9A1E7A4F7556}") = "02.CommonElements", "02.CommonElements\02.CommonElements.csproj", "{73BC6018-14C0-4C9F-9BB2-BBFEC9A6369A}"
EndProject
Project("{9A19103F-16F7-4668-BE54-9A1E7A4F7556}") = "03.Zig-ZagArrays", "03.Zig-ZagArrays\03.Zig-ZagArrays.csproj", "{0ABCC731-2339-421A-8A5F-607CCF8B54B3}"
EndProject
Project("{9A19103F-16F7-4668-BE54-9A1E7A4F7556}") = "04.ArrayRotation", "04.ArrayRotation\04.ArrayRotation.csproj", "{400C68D9-9C10-4CB1-9C69-D235E434633D}"
EndProject
Project("{9A19103F-16F7-4668-BE54-9A1E7A4F7556}") = "05.TopIntegers", "05.TopIntegers\05.TopIntegers.csproj", "{2CEF4345-4547-4568-9285-DFDCD4F1569A}"
EndProject
Project("{9A19103F-16F7-4668-BE54-9A1E7A4F7556}") = "06.EqualSums", "06.EqualSums\06.EqualSums.csproj", "{6AB4163B-8A09-4C42-9EEA-2C08153EE7CE}"
EndProject
Project("{9A19103F-16F7-4668-BE54-9A1E7A4F7556}") = "07.MaxSequence_Of_EqualElements", "07.MaxSequence_Of_EqualElements\07.MaxSequence_Of_EqualElements.csproj", "{69ECBC60-3AB8-4F8C-8D01-F06950C8BCE0}"
EndProject
Project("{9A19103F-16F7-4668-BE54-9A1E7A4F7556}") = "08.MagicSum", "08.MagicSum\08.MagicSum.csproj", "{F44F7DD1-927F-4EBB-9A93-BE6E33FFD75E}"
EndProject
Project("{9A19103F-16F7-4668-BE54-9A1E7A4F7556}") = "09.KaminoFactory", "09.KaminoFactory\09.KaminoFactory.csproj", "{6A3BDF55-24D8-4AF0-A33C-ED3F5A4302F3}"
EndProject
Project("{9A19103F-16F7-4668-BE54-9A1E7A4F7556}") = "10.LadyBugs", "10.LadyBugs\10.LadyBugs.csproj", "{81F89A0E-A538-4B7C-828D-5FACD72ECAC1}"
EndProject
Project("{9A19103F-16F7-4668-BE54-9A1E7A4F7556}") = "01.1EncryptSortAndPrintArray", "01.1EncryptSortAndPrintArray\01.1EncryptSortAndPrintArray.csproj", "{DC910075-A870-4EFC-A530-5F0E0C9721D7}"
EndProject
Project("{9A19103F-16F7-4668-BE54-9A1E7A4F7556}") = "02.2PascalTriangle", "02.2PascalTriangle\02.2PascalTriangle.csproj", "{3EFA87FF-3637-4EAC-A45B-8BC7D8CC6411}"
EndProject
Project("{FAE04EC0-301F-11D3-BF4B-00C04F79EFBC}") = "03.3RecursiveFibonacci", "03.3RecursiveFibonacci\03.3RecursiveFibonacci.csproj", "{32CE8B75-CC2D-4E46-8BA6-5B818B1A2192}"
EndProject
Project("{FAE04EC0-301F-11D3-BF4B-00C04F79EFBC}") = "04.4FoldАndSum", "04.4FoldАndSum\04.4FoldАndSum.csproj", "{3AEA16E5-212E-4558-9FA3-6280A95B5380}"
EndProject
Global
	GlobalSection(SolutionConfigurationPlatforms) = preSolution
		Debug|Any CPU = Debug|Any CPU
		Release|Any CPU = Release|Any CPU
	EndGlobalSection
	GlobalSection(ProjectConfigurationPlatforms) = postSolution
		{536391D6-0147-414C-989B-ED0C8E5AF7C6}.Debug|Any CPU.ActiveCfg = Debug|Any CPU
		{536391D6-0147-414C-989B-ED0C8E5AF7C6}.Debug|Any CPU.Build.0 = Debug|Any CPU
		{536391D6-0147-414C-989B-ED0C8E5AF7C6}.Release|Any CPU.ActiveCfg = Release|Any CPU
		{536391D6-0147-414C-989B-ED0C8E5AF7C6}.Release|Any CPU.Build.0 = Release|Any CPU
		{73BC6018-14C0-4C9F-9BB2-BBFEC9A6369A}.Debug|Any CPU.ActiveCfg = Debug|Any CPU
		{73BC6018-14C0-4C9F-9BB2-BBFEC9A6369A}.Debug|Any CPU.Build.0 = Debug|Any CPU
		{73BC6018-14C0-4C9F-9BB2-BBFEC9A6369A}.Release|Any CPU.ActiveCfg = Release|Any CPU
		{73BC6018-14C0-4C9F-9BB2-BBFEC9A6369A}.Release|Any CPU.Build.0 = Release|Any CPU
		{0ABCC731-2339-421A-8A5F-607CCF8B54B3}.Debug|Any CPU.ActiveCfg = Debug|Any CPU
		{0ABCC731-2339-421A-8A5F-607CCF8B54B3}.Debug|Any CPU.Build.0 = Debug|Any CPU
		{0ABCC731-2339-421A-8A5F-607CCF8B54B3}.Release|Any CPU.ActiveCfg = Release|Any CPU
		{0ABCC731-2339-421A-8A5F-607CCF8B54B3}.Release|Any CPU.Build.0 = Release|Any CPU
		{400C68D9-9C10-4CB1-9C69-D235E434633D}.Debug|Any CPU.ActiveCfg = Debug|Any CPU
		{400C68D9-9C10-4CB1-9C69-D235E434633D}.Debug|Any CPU.Build.0 = Debug|Any CPU
		{400C68D9-9C10-4CB1-9C69-D235E434633D}.Release|Any CPU.ActiveCfg = Release|Any CPU
		{400C68D9-9C10-4CB1-9C69-D235E434633D}.Release|Any CPU.Build.0 = Release|Any CPU
		{2CEF4345-4547-4568-9285-DFDCD4F1569A}.Debug|Any CPU.ActiveCfg = Debug|Any CPU
		{2CEF4345-4547-4568-9285-DFDCD4F1569A}.Debug|Any CPU.Build.0 = Debug|Any CPU
		{2CEF4345-4547-4568-9285-DFDCD4F1569A}.Release|Any CPU.ActiveCfg = Release|Any CPU
		{2CEF4345-4547-4568-9285-DFDCD4F1569A}.Release|Any CPU.Build.0 = Release|Any CPU
		{6AB4163B-8A09-4C42-9EEA-2C08153EE7CE}.Debug|Any CPU.ActiveCfg = Debug|Any CPU
		{6AB4163B-8A09-4C42-9EEA-2C08153EE7CE}.Debug|Any CPU.Build.0 = Debug|Any CPU
		{6AB4163B-8A09-4C42-9EEA-2C08153EE7CE}.Release|Any CPU.ActiveCfg = Release|Any CPU
		{6AB4163B-8A09-4C42-9EEA-2C08153EE7CE}.Release|Any CPU.Build.0 = Release|Any CPU
		{69ECBC60-3AB8-4F8C-8D01-F06950C8BCE0}.Debug|Any CPU.ActiveCfg = Debug|Any CPU
		{69ECBC60-3AB8-4F8C-8D01-F06950C8BCE0}.Debug|Any CPU.Build.0 = Debug|Any CPU
		{69ECBC60-3AB8-4F8C-8D01-F06950C8BCE0}.Release|Any CPU.ActiveCfg = Release|Any CPU
		{69ECBC60-3AB8-4F8C-8D01-F06950C8BCE0}.Release|Any CPU.Build.0 = Release|Any CPU
		{F44F7DD1-927F-4EBB-9A93-BE6E33FFD75E}.Debug|Any CPU.ActiveCfg = Debug|Any CPU
		{F44F7DD1-927F-4EBB-9A93-BE6E33FFD75E}.Debug|Any CPU.Build.0 = Debug|Any CPU
		{F44F7DD1-927F-4EBB-9A93-BE6E33FFD75E}.Release|Any CPU.ActiveCfg = Release|Any CPU
		{F44F7DD1-927F-4EBB-9A93-BE6E33FFD75E}.Release|Any CPU.Build.0 = Release|Any CPU
		{6A3BDF55-24D8-4AF0-A33C-ED3F5A4302F3}.Debug|Any CPU.ActiveCfg = Debug|Any CPU
		{6A3BDF55-24D8-4AF0-A33C-ED3F5A4302F3}.Debug|Any CPU.Build.0 = Debug|Any CPU
		{6A3BDF55-24D8-4AF0-A33C-ED3F5A4302F3}.Release|Any CPU.ActiveCfg = Release|Any CPU
		{6A3BDF55-24D8-4AF0-A33C-ED3F5A4302F3}.Release|Any CPU.Build.0 = Release|Any CPU
		{81F89A0E-A538-4B7C-828D-5FACD72ECAC1}.Debug|Any CPU.ActiveCfg = Debug|Any CPU
		{81F89A0E-A538-4B7C-828D-5FACD72ECAC1}.Debug|Any CPU.Build.0 = Debug|Any CPU
		{81F89A0E-A538-4B7C-828D-5FACD72ECAC1}.Release|Any CPU.ActiveCfg = Release|Any CPU
		{81F89A0E-A538-4B7C-828D-5FACD72ECAC1}.Release|Any CPU.Build.0 = Release|Any CPU
		{DC910075-A870-4EFC-A530-5F0E0C9721D7}.Debug|Any CPU.ActiveCfg = Debug|Any CPU
		{DC910075-A870-4EFC-A530-5F0E0C9721D7}.Debug|Any CPU.Build.0 = Debug|Any CPU
		{DC910075-A870-4EFC-A530-5F0E0C9721D7}.Release|Any CPU.ActiveCfg = Release|Any CPU
		{DC910075-A870-4EFC-A530-5F0E0C9721D7}.Release|Any CPU.Build.0 = Release|Any CPU
		{3EFA87FF-3637-4EAC-A45B-8BC7D8CC6411}.Debug|Any CPU.ActiveCfg = Debug|Any CPU
		{3EFA87FF-3637-4EAC-A45B-8BC7D8CC6411}.Debug|Any CPU.Build.0 = Debug|Any CPU
		{3EFA87FF-3637-4EAC-A45B-8BC7D8CC6411}.Release|Any CPU.ActiveCfg = Release|Any CPU
		{3EFA87FF-3637-4EAC-A45B-8BC7D8CC6411}.Release|Any CPU.Build.0 = Release|Any CPU
		{32CE8B75-CC2D-4E46-8BA6-5B818B1A2192}.Debug|Any CPU.ActiveCfg = Debug|Any CPU
		{32CE8B75-CC2D-4E46-8BA6-5B818B1A2192}.Debug|Any CPU.Build.0 = Debug|Any CPU
		{32CE8B75-CC2D-4E46-8BA6-5B818B1A2192}.Release|Any CPU.ActiveCfg = Release|Any CPU
		{32CE8B75-CC2D-4E46-8BA6-5B818B1A2192}.Release|Any CPU.Build.0 = Release|Any CPU
		{3AEA16E5-212E-4558-9FA3-6280A95B5380}.Debug|Any CPU.ActiveCfg = Debug|Any CPU
		{3AEA16E5-212E-4558-9FA3-6280A95B5380}.Debug|Any CPU.Build.0 = Debug|Any CPU
		{3AEA16E5-212E-4558-9FA3-6280A95B5380}.Release|Any CPU.ActiveCfg = Release|Any CPU
		{3AEA16E5-212E-4558-9FA3-6280A95B5380}.Release|Any CPU.Build.0 = Release|Any CPU
	EndGlobalSection
	GlobalSection(SolutionProperties) = preSolution
		HideSolutionNode = FALSE
	EndGlobalSection
	GlobalSection(ExtensibilityGlobals) = postSolution
		SolutionGuid = {E83327D0-5FEB-4DEC-BFB7-1A48FA3955E2}
	EndGlobalSection
EndGlobal
