
Microsoft Visual Studio Solution File, Format Version 12.00
# Visual Studio Version 17
VisualStudioVersion = 17.11.35222.181
MinimumVisualStudioVersion = 10.0.40219.1
Project("{9A19103F-16F7-4668-BE54-9A1E7A4F7556}") = "1.BasicStackOperations", "1.BasicStackOperations\1.BasicStackOperations.csproj", "{FA3BE870-3DF5-4B12-A937-2881F121C508}"
EndProject
Project("{9A19103F-16F7-4668-BE54-9A1E7A4F7556}") = "2.BasicQueueOperations", "2.BasicQueueOperations\2.BasicQueueOperations.csproj", "{97756E50-3FB2-4196-BC7A-96E439152629}"
EndProject
Project("{9A19103F-16F7-4668-BE54-9A1E7A4F7556}") = "3.MaximumAndMinimumElement", "3.MaximumAndMinimumElement\3.MaximumAndMinimumElement.csproj", "{A84F4B50-2916-4D72-9B23-6EABF7DC6CC7}"
EndProject
Project("{9A19103F-16F7-4668-BE54-9A1E7A4F7556}") = "4.FastFood", "4.FastFood\4.FastFood.csproj", "{99471F44-BAAB-4386-A12B-1EFE2E74FCE4}"
EndProject
Project("{9A19103F-16F7-4668-BE54-9A1E7A4F7556}") = "5.FashionBoutique", "5.FashionBoutique\5.FashionBoutique.csproj", "{86C973A6-CDAF-4718-94CE-21CC017B7988}"
EndProject
Project("{9A19103F-16F7-4668-BE54-9A1E7A4F7556}") = "6.SongsQueue", "6.SongsQueue\6.SongsQueue.csproj", "{0FB7EC21-9232-48D6-B503-0D6055DCAFF4}"
EndProject
Project("{9A19103F-16F7-4668-BE54-9A1E7A4F7556}") = "7.TruckTour", "7.TruckTour\7.TruckTour.csproj", "{0ACF16FC-2434-4A2B-A392-C4DEEF5E65A6}"
EndProject
Project("{9A19103F-16F7-4668-BE54-9A1E7A4F7556}") = "8.BalancedParentheses", "8.BalancedParentheses\8.BalancedParentheses.csproj", "{2DCBFB61-E7F4-430D-8E50-C05CFF865966}"
EndProject
Project("{9A19103F-16F7-4668-BE54-9A1E7A4F7556}") = "9.SimpleTextEditor", "9.SimpleTextEditor\9.SimpleTextEditor.csproj", "{89C429D8-4512-4840-A079-11C530EA02FF}"
EndProject
Project("{9A19103F-16F7-4668-BE54-9A1E7A4F7556}") = "10.Crossroads", "10.Crossroads\10.Crossroads.csproj", "{B4B58B81-C004-42F2-BEF4-3656577B48C0}"
EndProject
Project("{FAE04EC0-301F-11D3-BF4B-00C04F79EFBC}") = "11.KeyRevolver", "11.KeyRevolver\11.KeyRevolver.csproj", "{7383EB3B-090D-40A1-8E44-88FE9EA445D1}"
EndProject
Project("{FAE04EC0-301F-11D3-BF4B-00C04F79EFBC}") = "12.CupsАndBottles", "12.CupsАndBottles\12.CupsАndBottles.csproj", "{613856EE-A483-4694-B70A-DC4999F39759}"
EndProject
Global
	GlobalSection(SolutionConfigurationPlatforms) = preSolution
		Debug|Any CPU = Debug|Any CPU
		Release|Any CPU = Release|Any CPU
	EndGlobalSection
	GlobalSection(ProjectConfigurationPlatforms) = postSolution
		{FA3BE870-3DF5-4B12-A937-2881F121C508}.Debug|Any CPU.ActiveCfg = Debug|Any CPU
		{FA3BE870-3DF5-4B12-A937-2881F121C508}.Debug|Any CPU.Build.0 = Debug|Any CPU
		{FA3BE870-3DF5-4B12-A937-2881F121C508}.Release|Any CPU.ActiveCfg = Release|Any CPU
		{FA3BE870-3DF5-4B12-A937-2881F121C508}.Release|Any CPU.Build.0 = Release|Any CPU
		{97756E50-3FB2-4196-BC7A-96E439152629}.Debug|Any CPU.ActiveCfg = Debug|Any CPU
		{97756E50-3FB2-4196-BC7A-96E439152629}.Debug|Any CPU.Build.0 = Debug|Any CPU
		{97756E50-3FB2-4196-BC7A-96E439152629}.Release|Any CPU.ActiveCfg = Release|Any CPU
		{97756E50-3FB2-4196-BC7A-96E439152629}.Release|Any CPU.Build.0 = Release|Any CPU
		{A84F4B50-2916-4D72-9B23-6EABF7DC6CC7}.Debug|Any CPU.ActiveCfg = Debug|Any CPU
		{A84F4B50-2916-4D72-9B23-6EABF7DC6CC7}.Debug|Any CPU.Build.0 = Debug|Any CPU
		{A84F4B50-2916-4D72-9B23-6EABF7DC6CC7}.Release|Any CPU.ActiveCfg = Release|Any CPU
		{A84F4B50-2916-4D72-9B23-6EABF7DC6CC7}.Release|Any CPU.Build.0 = Release|Any CPU
		{99471F44-BAAB-4386-A12B-1EFE2E74FCE4}.Debug|Any CPU.ActiveCfg = Debug|Any CPU
		{99471F44-BAAB-4386-A12B-1EFE2E74FCE4}.Debug|Any CPU.Build.0 = Debug|Any CPU
		{99471F44-BAAB-4386-A12B-1EFE2E74FCE4}.Release|Any CPU.ActiveCfg = Release|Any CPU
		{99471F44-BAAB-4386-A12B-1EFE2E74FCE4}.Release|Any CPU.Build.0 = Release|Any CPU
		{86C973A6-CDAF-4718-94CE-21CC017B7988}.Debug|Any CPU.ActiveCfg = Debug|Any CPU
		{86C973A6-CDAF-4718-94CE-21CC017B7988}.Debug|Any CPU.Build.0 = Debug|Any CPU
		{86C973A6-CDAF-4718-94CE-21CC017B7988}.Release|Any CPU.ActiveCfg = Release|Any CPU
		{86C973A6-CDAF-4718-94CE-21CC017B7988}.Release|Any CPU.Build.0 = Release|Any CPU
		{0FB7EC21-9232-48D6-B503-0D6055DCAFF4}.Debug|Any CPU.ActiveCfg = Debug|Any CPU
		{0FB7EC21-9232-48D6-B503-0D6055DCAFF4}.Debug|Any CPU.Build.0 = Debug|Any CPU
		{0FB7EC21-9232-48D6-B503-0D6055DCAFF4}.Release|Any CPU.ActiveCfg = Release|Any CPU
		{0FB7EC21-9232-48D6-B503-0D6055DCAFF4}.Release|Any CPU.Build.0 = Release|Any CPU
		{0ACF16FC-2434-4A2B-A392-C4DEEF5E65A6}.Debug|Any CPU.ActiveCfg = Debug|Any CPU
		{0ACF16FC-2434-4A2B-A392-C4DEEF5E65A6}.Debug|Any CPU.Build.0 = Debug|Any CPU
		{0ACF16FC-2434-4A2B-A392-C4DEEF5E65A6}.Release|Any CPU.ActiveCfg = Release|Any CPU
		{0ACF16FC-2434-4A2B-A392-C4DEEF5E65A6}.Release|Any CPU.Build.0 = Release|Any CPU
		{2DCBFB61-E7F4-430D-8E50-C05CFF865966}.Debug|Any CPU.ActiveCfg = Debug|Any CPU
		{2DCBFB61-E7F4-430D-8E50-C05CFF865966}.Debug|Any CPU.Build.0 = Debug|Any CPU
		{2DCBFB61-E7F4-430D-8E50-C05CFF865966}.Release|Any CPU.ActiveCfg = Release|Any CPU
		{2DCBFB61-E7F4-430D-8E50-C05CFF865966}.Release|Any CPU.Build.0 = Release|Any CPU
		{89C429D8-4512-4840-A079-11C530EA02FF}.Debug|Any CPU.ActiveCfg = Debug|Any CPU
		{89C429D8-4512-4840-A079-11C530EA02FF}.Debug|Any CPU.Build.0 = Debug|Any CPU
		{89C429D8-4512-4840-A079-11C530EA02FF}.Release|Any CPU.ActiveCfg = Release|Any CPU
		{89C429D8-4512-4840-A079-11C530EA02FF}.Release|Any CPU.Build.0 = Release|Any CPU
		{B4B58B81-C004-42F2-BEF4-3656577B48C0}.Debug|Any CPU.ActiveCfg = Debug|Any CPU
		{B4B58B81-C004-42F2-BEF4-3656577B48C0}.Debug|Any CPU.Build.0 = Debug|Any CPU
		{B4B58B81-C004-42F2-BEF4-3656577B48C0}.Release|Any CPU.ActiveCfg = Release|Any CPU
		{B4B58B81-C004-42F2-BEF4-3656577B48C0}.Release|Any CPU.Build.0 = Release|Any CPU
		{7383EB3B-090D-40A1-8E44-88FE9EA445D1}.Debug|Any CPU.ActiveCfg = Debug|Any CPU
		{7383EB3B-090D-40A1-8E44-88FE9EA445D1}.Debug|Any CPU.Build.0 = Debug|Any CPU
		{7383EB3B-090D-40A1-8E44-88FE9EA445D1}.Release|Any CPU.ActiveCfg = Release|Any CPU
		{7383EB3B-090D-40A1-8E44-88FE9EA445D1}.Release|Any CPU.Build.0 = Release|Any CPU
		{613856EE-A483-4694-B70A-DC4999F39759}.Debug|Any CPU.ActiveCfg = Debug|Any CPU
		{613856EE-A483-4694-B70A-DC4999F39759}.Debug|Any CPU.Build.0 = Debug|Any CPU
		{613856EE-A483-4694-B70A-DC4999F39759}.Release|Any CPU.ActiveCfg = Release|Any CPU
		{613856EE-A483-4694-B70A-DC4999F39759}.Release|Any CPU.Build.0 = Release|Any CPU
	EndGlobalSection
	GlobalSection(SolutionProperties) = preSolution
		HideSolutionNode = FALSE
	EndGlobalSection
	GlobalSection(ExtensibilityGlobals) = postSolution
		SolutionGuid = {4DE4652A-E0F7-47FD-9F5D-C7BA43214211}
	EndGlobalSection
EndGlobal
