
Microsoft Visual Studio Solution File, Format Version 12.00
# Visual Studio Version 17
VisualStudioVersion = 17.11.35222.181
MinimumVisualStudioVersion = 10.0.40219.1
Project("{FAE04EC0-301F-11D3-BF4B-00C04F79EFBC}") = "2.SumEvensInRange", "2.SumEvensInRange\2.SumEvensInRange.csproj", "{60869C5B-A7E6-465B-A3B8-64D2DBF18552}"
EndProject
Global
	GlobalSection(SolutionConfigurationPlatforms) = preSolution
		Debug|Any CPU = Debug|Any CPU
		Release|Any CPU = Release|Any CPU
	EndGlobalSection
	GlobalSection(ProjectConfigurationPlatforms) = postSolution
		{60869C5B-A7E6-465B-A3B8-64D2DBF18552}.Debug|Any CPU.ActiveCfg = Debug|Any CPU
		{60869C5B-A7E6-465B-A3B8-64D2DBF18552}.Debug|Any CPU.Build.0 = Debug|Any CPU
		{60869C5B-A7E6-465B-A3B8-64D2DBF18552}.Release|Any CPU.ActiveCfg = Release|Any CPU
		{60869C5B-A7E6-465B-A3B8-64D2DBF18552}.Release|Any CPU.Build.0 = Release|Any CPU
	EndGlobalSection
	GlobalSection(SolutionProperties) = preSolution
		HideSolutionNode = FALSE
	EndGlobalSection
	GlobalSection(ExtensibilityGlobals) = postSolution
		SolutionGuid = {40F8F784-B1E5-4F89-A56B-B9AB362C7438}
	EndGlobalSection
EndGlobal
