
Microsoft Visual Studio Solution File, Format Version 12.00
# Visual Studio Version 17
VisualStudioVersion = 17.10.35013.160
MinimumVisualStudioVersion = 10.0.40219.1
Project("{FAE04EC0-301F-11D3-BF4B-00C04F79EFBC}") = "01.CountSameValuesInArray", "01.CountSameValuesInArray\01.CountSameValuesInArray.csproj", "{8162ACC2-9D26-45BD-96B5-FFB81E254CC2}"
EndProject
Project("{FAE04EC0-301F-11D3-BF4B-00C04F79EFBC}") = "02.AverageStudentGrades", "02.AverageStudentGrades\02.AverageStudentGrades.csproj", "{A4FD6C54-43C8-4750-BB1D-CD66B958F4D4}"
EndProject
Project("{FAE04EC0-301F-11D3-BF4B-00C04F79EFBC}") = "04.ProductShop", "04.ProductShop\04.ProductShop.csproj", "{B6F6CCFB-CF30-4D8D-8028-5F62419AA9B0}"
EndProject
Global
	GlobalSection(SolutionConfigurationPlatforms) = preSolution
		Debug|Any CPU = Debug|Any CPU
		Release|Any CPU = Release|Any CPU
	EndGlobalSection
	GlobalSection(ProjectConfigurationPlatforms) = postSolution
		{8162ACC2-9D26-45BD-96B5-FFB81E254CC2}.Debug|Any CPU.ActiveCfg = Debug|Any CPU
		{8162ACC2-9D26-45BD-96B5-FFB81E254CC2}.Debug|Any CPU.Build.0 = Debug|Any CPU
		{8162ACC2-9D26-45BD-96B5-FFB81E254CC2}.Release|Any CPU.ActiveCfg = Release|Any CPU
		{8162ACC2-9D26-45BD-96B5-FFB81E254CC2}.Release|Any CPU.Build.0 = Release|Any CPU
		{A4FD6C54-43C8-4750-BB1D-CD66B958F4D4}.Debug|Any CPU.ActiveCfg = Debug|Any CPU
		{A4FD6C54-43C8-4750-BB1D-CD66B958F4D4}.Debug|Any CPU.Build.0 = Debug|Any CPU
		{A4FD6C54-43C8-4750-BB1D-CD66B958F4D4}.Release|Any CPU.ActiveCfg = Release|Any CPU
		{A4FD6C54-43C8-4750-BB1D-CD66B958F4D4}.Release|Any CPU.Build.0 = Release|Any CPU
		{B6F6CCFB-CF30-4D8D-8028-5F62419AA9B0}.Debug|Any CPU.ActiveCfg = Debug|Any CPU
		{B6F6CCFB-CF30-4D8D-8028-5F62419AA9B0}.Debug|Any CPU.Build.0 = Debug|Any CPU
		{B6F6CCFB-CF30-4D8D-8028-5F62419AA9B0}.Release|Any CPU.ActiveCfg = Release|Any CPU
		{B6F6CCFB-CF30-4D8D-8028-5F62419AA9B0}.Release|Any CPU.Build.0 = Release|Any CPU
	EndGlobalSection
	GlobalSection(SolutionProperties) = preSolution
		HideSolutionNode = FALSE
	EndGlobalSection
	GlobalSection(ExtensibilityGlobals) = postSolution
		SolutionGuid = {F18EC188-0CBF-4D8B-BFC2-311B50CE7D2C}
	EndGlobalSection
EndGlobal
