
Microsoft Visual Studio Solution File, Format Version 12.00
# Visual Studio Version 17
VisualStudioVersion = 17.10.35013.160
MinimumVisualStudioVersion = 10.0.40219.1
Project("{FAE04EC0-301F-11D3-BF4B-00C04F79EFBC}") = "01.UniqueUsernames", "01.UniqueUsernames\01.UniqueUsernames.csproj", "{AE6B380A-A634-43C2-B149-70AAEC0790AF}"
EndProject
Project("{FAE04EC0-301F-11D3-BF4B-00C04F79EFBC}") = "02.SetsOfElements", "02.SetsOfElements\02.SetsOfElements.csproj", "{B6E276B2-D6C7-4CE2-9BF5-B27D85312A5E}"
EndProject
Project("{FAE04EC0-301F-11D3-BF4B-00C04F79EFBC}") = "03.PeriodicTable", "03.PeriodicTable\03.PeriodicTable.csproj", "{FE0603CF-946F-4BAC-AEB0-82EED7652416}"
EndProject
Project("{FAE04EC0-301F-11D3-BF4B-00C04F79EFBC}") = "04.EvenTimes", "04.EvenTimes\04.EvenTimes.csproj", "{F3BD029F-6CA8-42AC-88C5-81E3C854FF30}"
EndProject
Global
	GlobalSection(SolutionConfigurationPlatforms) = preSolution
		Debug|Any CPU = Debug|Any CPU
		Release|Any CPU = Release|Any CPU
	EndGlobalSection
	GlobalSection(ProjectConfigurationPlatforms) = postSolution
		{AE6B380A-A634-43C2-B149-70AAEC0790AF}.Debug|Any CPU.ActiveCfg = Debug|Any CPU
		{AE6B380A-A634-43C2-B149-70AAEC0790AF}.Debug|Any CPU.Build.0 = Debug|Any CPU
		{AE6B380A-A634-43C2-B149-70AAEC0790AF}.Release|Any CPU.ActiveCfg = Release|Any CPU
		{AE6B380A-A634-43C2-B149-70AAEC0790AF}.Release|Any CPU.Build.0 = Release|Any CPU
		{B6E276B2-D6C7-4CE2-9BF5-B27D85312A5E}.Debug|Any CPU.ActiveCfg = Debug|Any CPU
		{B6E276B2-D6C7-4CE2-9BF5-B27D85312A5E}.Debug|Any CPU.Build.0 = Debug|Any CPU
		{B6E276B2-D6C7-4CE2-9BF5-B27D85312A5E}.Release|Any CPU.ActiveCfg = Release|Any CPU
		{B6E276B2-D6C7-4CE2-9BF5-B27D85312A5E}.Release|Any CPU.Build.0 = Release|Any CPU
		{FE0603CF-946F-4BAC-AEB0-82EED7652416}.Debug|Any CPU.ActiveCfg = Debug|Any CPU
		{FE0603CF-946F-4BAC-AEB0-82EED7652416}.Debug|Any CPU.Build.0 = Debug|Any CPU
		{FE0603CF-946F-4BAC-AEB0-82EED7652416}.Release|Any CPU.ActiveCfg = Release|Any CPU
		{FE0603CF-946F-4BAC-AEB0-82EED7652416}.Release|Any CPU.Build.0 = Release|Any CPU
		{F3BD029F-6CA8-42AC-88C5-81E3C854FF30}.Debug|Any CPU.ActiveCfg = Debug|Any CPU
		{F3BD029F-6CA8-42AC-88C5-81E3C854FF30}.Debug|Any CPU.Build.0 = Debug|Any CPU
		{F3BD029F-6CA8-42AC-88C5-81E3C854FF30}.Release|Any CPU.ActiveCfg = Release|Any CPU
		{F3BD029F-6CA8-42AC-88C5-81E3C854FF30}.Release|Any CPU.Build.0 = Release|Any CPU
	EndGlobalSection
	GlobalSection(SolutionProperties) = preSolution
		HideSolutionNode = FALSE
	EndGlobalSection
	GlobalSection(ExtensibilityGlobals) = postSolution
		SolutionGuid = {62F0C716-E543-44C7-ACAC-F6310CF352BD}
	EndGlobalSection
EndGlobal
