
Microsoft Visual Studio Solution File, Format Version 12.00
# Visual Studio Version 17
VisualStudioVersion = 17.7.34031.279
MinimumVisualStudioVersion = 10.0.40219.1
Project("{FAE04EC0-301F-11D3-BF4B-00C04F79EFBC}") = "01.Clock", "01.Clock\01.Clock.csproj", "{CE5D9595-341D-4DE0-985E-5F111B28FAD3}"
EndProject
Project("{FAE04EC0-301F-11D3-BF4B-00C04F79EFBC}") = "02.MultiplicationTable", "02.MultiplicationTable\02.MultiplicationTable.csproj", "{D501DAD3-5510-436D-A1D9-CFC7BD0CE03A}"
EndProject
Project("{FAE04EC0-301F-11D3-BF4B-00C04F79EFBC}") = "03.Combinations", "03.Combinations\03.Combinations.csproj", "{BEDCEC08-D764-4ACC-955B-4B7E9886075C}"
EndProject
Project("{FAE04EC0-301F-11D3-BF4B-00C04F79EFBC}") = "04.SumOfTwoNumbers", "04.SumOfTwoNumbers\04.SumOfTwoNumbers.csproj", "{FC684FD6-604D-4153-9C34-D2A2EC12C6E4}"
EndProject
Project("{FAE04EC0-301F-11D3-BF4B-00C04F79EFBC}") = "05.Travelling", "05.Travelling\05.Travelling.csproj", "{9AF5F451-8CB1-4706-BE27-686B1EB53124}"
EndProject
Global
	GlobalSection(SolutionConfigurationPlatforms) = preSolution
		Debug|Any CPU = Debug|Any CPU
		Release|Any CPU = Release|Any CPU
	EndGlobalSection
	GlobalSection(ProjectConfigurationPlatforms) = postSolution
		{CE5D9595-341D-4DE0-985E-5F111B28FAD3}.Debug|Any CPU.ActiveCfg = Debug|Any CPU
		{CE5D9595-341D-4DE0-985E-5F111B28FAD3}.Debug|Any CPU.Build.0 = Debug|Any CPU
		{CE5D9595-341D-4DE0-985E-5F111B28FAD3}.Release|Any CPU.ActiveCfg = Release|Any CPU
		{CE5D9595-341D-4DE0-985E-5F111B28FAD3}.Release|Any CPU.Build.0 = Release|Any CPU
		{D501DAD3-5510-436D-A1D9-CFC7BD0CE03A}.Debug|Any CPU.ActiveCfg = Debug|Any CPU
		{D501DAD3-5510-436D-A1D9-CFC7BD0CE03A}.Debug|Any CPU.Build.0 = Debug|Any CPU
		{D501DAD3-5510-436D-A1D9-CFC7BD0CE03A}.Release|Any CPU.ActiveCfg = Release|Any CPU
		{D501DAD3-5510-436D-A1D9-CFC7BD0CE03A}.Release|Any CPU.Build.0 = Release|Any CPU
		{BEDCEC08-D764-4ACC-955B-4B7E9886075C}.Debug|Any CPU.ActiveCfg = Debug|Any CPU
		{BEDCEC08-D764-4ACC-955B-4B7E9886075C}.Debug|Any CPU.Build.0 = Debug|Any CPU
		{BEDCEC08-D764-4ACC-955B-4B7E9886075C}.Release|Any CPU.ActiveCfg = Release|Any CPU
		{BEDCEC08-D764-4ACC-955B-4B7E9886075C}.Release|Any CPU.Build.0 = Release|Any CPU
		{FC684FD6-604D-4153-9C34-D2A2EC12C6E4}.Debug|Any CPU.ActiveCfg = Debug|Any CPU
		{FC684FD6-604D-4153-9C34-D2A2EC12C6E4}.Debug|Any CPU.Build.0 = Debug|Any CPU
		{FC684FD6-604D-4153-9C34-D2A2EC12C6E4}.Release|Any CPU.ActiveCfg = Release|Any CPU
		{FC684FD6-604D-4153-9C34-D2A2EC12C6E4}.Release|Any CPU.Build.0 = Release|Any CPU
		{9AF5F451-8CB1-4706-BE27-686B1EB53124}.Debug|Any CPU.ActiveCfg = Debug|Any CPU
		{9AF5F451-8CB1-4706-BE27-686B1EB53124}.Debug|Any CPU.Build.0 = Debug|Any CPU
		{9AF5F451-8CB1-4706-BE27-686B1EB53124}.Release|Any CPU.ActiveCfg = Release|Any CPU
		{9AF5F451-8CB1-4706-BE27-686B1EB53124}.Release|Any CPU.Build.0 = Release|Any CPU
	EndGlobalSection
	GlobalSection(SolutionProperties) = preSolution
		HideSolutionNode = FALSE
	EndGlobalSection
	GlobalSection(ExtensibilityGlobals) = postSolution
		SolutionGuid = {300841BF-0045-4C2B-893B-3873E123D7EA}
	EndGlobalSection
EndGlobal
