
Microsoft Visual Studio Solution File, Format Version 12.00
# Visual Studio Version 17
VisualStudioVersion = 17.11.35222.181
MinimumVisualStudioVersion = 10.0.40219.1
Project("{9A19103F-16F7-4668-BE54-9A1E7A4F7556}") = "01.ClassBoxData", "01.ClassBoxData\01.ClassBoxData.csproj", "{F5A67D5A-5C6E-41FE-A1EF-9A2784DFD064}"
EndProject
Project("{FAE04EC0-301F-11D3-BF4B-00C04F79EFBC}") = "03.ShoppingSpree", "03.ShoppingSpree\03.ShoppingSpree.csproj", "{80A15271-A5FA-4CC0-A1A6-6513154D3979}"
EndProject
Global
	GlobalSection(SolutionConfigurationPlatforms) = preSolution
		Debug|Any CPU = Debug|Any CPU
		Release|Any CPU = Release|Any CPU
	EndGlobalSection
	GlobalSection(ProjectConfigurationPlatforms) = postSolution
		{F5A67D5A-5C6E-41FE-A1EF-9A2784DFD064}.Debug|Any CPU.ActiveCfg = Debug|Any CPU
		{F5A67D5A-5C6E-41FE-A1EF-9A2784DFD064}.Debug|Any CPU.Build.0 = Debug|Any CPU
		{F5A67D5A-5C6E-41FE-A1EF-9A2784DFD064}.Release|Any CPU.ActiveCfg = Release|Any CPU
		{F5A67D5A-5C6E-41FE-A1EF-9A2784DFD064}.Release|Any CPU.Build.0 = Release|Any CPU
		{80A15271-A5FA-4CC0-A1A6-6513154D3979}.Debug|Any CPU.ActiveCfg = Debug|Any CPU
		{80A15271-A5FA-4CC0-A1A6-6513154D3979}.Debug|Any CPU.Build.0 = Debug|Any CPU
		{80A15271-A5FA-4CC0-A1A6-6513154D3979}.Release|Any CPU.ActiveCfg = Release|Any CPU
		{80A15271-A5FA-4CC0-A1A6-6513154D3979}.Release|Any CPU.Build.0 = Release|Any CPU
	EndGlobalSection
	GlobalSection(SolutionProperties) = preSolution
		HideSolutionNode = FALSE
	EndGlobalSection
	GlobalSection(ExtensibilityGlobals) = postSolution
		SolutionGuid = {41E27085-0642-4848-AF30-32F61783FB4C}
	EndGlobalSection
EndGlobal
