
Microsoft Visual Studio Solution File, Format Version 12.00
# Visual Studio Version 17
VisualStudioVersion = 17.11.35222.181
MinimumVisualStudioVersion = 10.0.40219.1
Project("{FAE04EC0-301F-11D3-BF4B-00C04F79EFBC}") = "14.ImplementingStackAndQueue", "14.ImplementingStackAndQueue\14.ImplementingStackAndQueue.csproj", "{BAC62796-DCCD-44F3-BC93-39CE21447EDE}"
EndProject
Global
	GlobalSection(SolutionConfigurationPlatforms) = preSolution
		Debug|Any CPU = Debug|Any CPU
		Release|Any CPU = Release|Any CPU
	EndGlobalSection
	GlobalSection(ProjectConfigurationPlatforms) = postSolution
		{BAC62796-DCCD-44F3-BC93-39CE21447EDE}.Debug|Any CPU.ActiveCfg = Debug|Any CPU
		{BAC62796-DCCD-44F3-BC93-39CE21447EDE}.Debug|Any CPU.Build.0 = Debug|Any CPU
		{BAC62796-DCCD-44F3-BC93-39CE21447EDE}.Release|Any CPU.ActiveCfg = Release|Any CPU
		{BAC62796-DCCD-44F3-BC93-39CE21447EDE}.Release|Any CPU.Build.0 = Release|Any CPU
	EndGlobalSection
	GlobalSection(SolutionProperties) = preSolution
		HideSolutionNode = FALSE
	EndGlobalSection
	GlobalSection(ExtensibilityGlobals) = postSolution
		SolutionGuid = {305F0878-524B-469A-B666-B70DA71EA76D}
	EndGlobalSection
EndGlobal
