
Microsoft Visual Studio Solution File, Format Version 12.00
# Visual Studio Version 17
VisualStudioVersion = 17.11.35222.181
MinimumVisualStudioVersion = 10.0.40219.1
Project("{FAE04EC0-301F-11D3-BF4B-00C04F79EFBC}") = "01.Library", "01.Library\01.Library.csproj", "{6ACA057A-DDB2-41DE-B35B-20498C52D431}"
EndProject
Project("{FAE04EC0-301F-11D3-BF4B-00C04F79EFBC}") = "02.LibraryYield", "02.LibraryYield\02.LibraryYield.csproj", "{3EE8C5E7-F1A4-40B6-8355-E217719856C6}"
EndProject
Project("{FAE04EC0-301F-11D3-BF4B-00C04F79EFBC}") = "03.LibraryComparable", "03.LibraryComparable\03.LibraryComparable.csproj", "{66737AC3-146E-40F0-BA3B-A99D456ADF06}"
EndProject
Global
	GlobalSection(SolutionConfigurationPlatforms) = preSolution
		Debug|Any CPU = Debug|Any CPU
		Release|Any CPU = Release|Any CPU
	EndGlobalSection
	GlobalSection(ProjectConfigurationPlatforms) = postSolution
		{6ACA057A-DDB2-41DE-B35B-20498C52D431}.Debug|Any CPU.ActiveCfg = Debug|Any CPU
		{6ACA057A-DDB2-41DE-B35B-20498C52D431}.Debug|Any CPU.Build.0 = Debug|Any CPU
		{6ACA057A-DDB2-41DE-B35B-20498C52D431}.Release|Any CPU.ActiveCfg = Release|Any CPU
		{6ACA057A-DDB2-41DE-B35B-20498C52D431}.Release|Any CPU.Build.0 = Release|Any CPU
		{3EE8C5E7-F1A4-40B6-8355-E217719856C6}.Debug|Any CPU.ActiveCfg = Debug|Any CPU
		{3EE8C5E7-F1A4-40B6-8355-E217719856C6}.Debug|Any CPU.Build.0 = Debug|Any CPU
		{3EE8C5E7-F1A4-40B6-8355-E217719856C6}.Release|Any CPU.ActiveCfg = Release|Any CPU
		{3EE8C5E7-F1A4-40B6-8355-E217719856C6}.Release|Any CPU.Build.0 = Release|Any CPU
		{66737AC3-146E-40F0-BA3B-A99D456ADF06}.Debug|Any CPU.ActiveCfg = Debug|Any CPU
		{66737AC3-146E-40F0-BA3B-A99D456ADF06}.Debug|Any CPU.Build.0 = Debug|Any CPU
		{66737AC3-146E-40F0-BA3B-A99D456ADF06}.Release|Any CPU.ActiveCfg = Release|Any CPU
		{66737AC3-146E-40F0-BA3B-A99D456ADF06}.Release|Any CPU.Build.0 = Release|Any CPU
	EndGlobalSection
	GlobalSection(SolutionProperties) = preSolution
		HideSolutionNode = FALSE
	EndGlobalSection
	GlobalSection(ExtensibilityGlobals) = postSolution
		SolutionGuid = {DE5555EF-68BB-4886-AF40-136FDC2F8AD9}
	EndGlobalSection
EndGlobal
