
Microsoft Visual Studio Solution File, Format Version 12.00
# Visual Studio Version 17
VisualStudioVersion = 17.11.35222.181
MinimumVisualStudioVersion = 10.0.40219.1
Project("{FAE04EC0-301F-11D3-BF4B-00C04F79EFBC}") = "01.DefineInterfaceIPerson", "01.DefineInterfaceIPerson\01.DefineInterfaceIPerson.csproj", "{948B566A-0E89-4361-8597-1EF408E2C80E}"
EndProject
Project("{FAE04EC0-301F-11D3-BF4B-00C04F79EFBC}") = "02.MultipleImplementation", "02.MultipleImplementation\02.MultipleImplementation.csproj", "{B19AB042-4031-4898-8AA1-A91DC1E0E587}"
EndProject
Project("{FAE04EC0-301F-11D3-BF4B-00C04F79EFBC}") = "03.Telephony", "03.Telephony\03.Telephony.csproj", "{6CED0514-F8AD-46A8-8A22-ADEF45636BE2}"
EndProject
Project("{FAE04EC0-301F-11D3-BF4B-00C04F79EFBC}") = "04.BorderControl", "04.BorderControl\04.BorderControl.csproj", "{A81255D0-836D-4DF3-BFB5-8EF762B7E072}"
EndProject
Project("{FAE04EC0-301F-11D3-BF4B-00C04F79EFBC}") = "05.BirthdayCelebrations", "05.BirthdayCelebrations\05.BirthdayCelebrations.csproj", "{257E1AF7-A03F-46F0-BA28-75B8E001EDA4}"
EndProject
Project("{FAE04EC0-301F-11D3-BF4B-00C04F79EFBC}") = "06.FoodShortage", "06.FoodShortage\06.FoodShortage.csproj", "{4074300F-AA0B-4D06-8895-F7EA6C86AF48}"
EndProject
Global
	GlobalSection(SolutionConfigurationPlatforms) = preSolution
		Debug|Any CPU = Debug|Any CPU
		Release|Any CPU = Release|Any CPU
	EndGlobalSection
	GlobalSection(ProjectConfigurationPlatforms) = postSolution
		{948B566A-0E89-4361-8597-1EF408E2C80E}.Debug|Any CPU.ActiveCfg = Debug|Any CPU
		{948B566A-0E89-4361-8597-1EF408E2C80E}.Debug|Any CPU.Build.0 = Debug|Any CPU
		{948B566A-0E89-4361-8597-1EF408E2C80E}.Release|Any CPU.ActiveCfg = Release|Any CPU
		{948B566A-0E89-4361-8597-1EF408E2C80E}.Release|Any CPU.Build.0 = Release|Any CPU
		{B19AB042-4031-4898-8AA1-A91DC1E0E587}.Debug|Any CPU.ActiveCfg = Debug|Any CPU
		{B19AB042-4031-4898-8AA1-A91DC1E0E587}.Debug|Any CPU.Build.0 = Debug|Any CPU
		{B19AB042-4031-4898-8AA1-A91DC1E0E587}.Release|Any CPU.ActiveCfg = Release|Any CPU
		{B19AB042-4031-4898-8AA1-A91DC1E0E587}.Release|Any CPU.Build.0 = Release|Any CPU
		{6CED0514-F8AD-46A8-8A22-ADEF45636BE2}.Debug|Any CPU.ActiveCfg = Debug|Any CPU
		{6CED0514-F8AD-46A8-8A22-ADEF45636BE2}.Debug|Any CPU.Build.0 = Debug|Any CPU
		{6CED0514-F8AD-46A8-8A22-ADEF45636BE2}.Release|Any CPU.ActiveCfg = Release|Any CPU
		{6CED0514-F8AD-46A8-8A22-ADEF45636BE2}.Release|Any CPU.Build.0 = Release|Any CPU
		{A81255D0-836D-4DF3-BFB5-8EF762B7E072}.Debug|Any CPU.ActiveCfg = Debug|Any CPU
		{A81255D0-836D-4DF3-BFB5-8EF762B7E072}.Debug|Any CPU.Build.0 = Debug|Any CPU
		{A81255D0-836D-4DF3-BFB5-8EF762B7E072}.Release|Any CPU.ActiveCfg = Release|Any CPU
		{A81255D0-836D-4DF3-BFB5-8EF762B7E072}.Release|Any CPU.Build.0 = Release|Any CPU
		{257E1AF7-A03F-46F0-BA28-75B8E001EDA4}.Debug|Any CPU.ActiveCfg = Debug|Any CPU
		{257E1AF7-A03F-46F0-BA28-75B8E001EDA4}.Debug|Any CPU.Build.0 = Debug|Any CPU
		{257E1AF7-A03F-46F0-BA28-75B8E001EDA4}.Release|Any CPU.ActiveCfg = Release|Any CPU
		{257E1AF7-A03F-46F0-BA28-75B8E001EDA4}.Release|Any CPU.Build.0 = Release|Any CPU
		{4074300F-AA0B-4D06-8895-F7EA6C86AF48}.Debug|Any CPU.ActiveCfg = Debug|Any CPU
		{4074300F-AA0B-4D06-8895-F7EA6C86AF48}.Debug|Any CPU.Build.0 = Debug|Any CPU
		{4074300F-AA0B-4D06-8895-F7EA6C86AF48}.Release|Any CPU.ActiveCfg = Release|Any CPU
		{4074300F-AA0B-4D06-8895-F7EA6C86AF48}.Release|Any CPU.Build.0 = Release|Any CPU
	EndGlobalSection
	GlobalSection(SolutionProperties) = preSolution
		HideSolutionNode = FALSE
	EndGlobalSection
	GlobalSection(ExtensibilityGlobals) = postSolution
		SolutionGuid = {3ECF5F5D-0E8F-4168-B01C-990999EA58E7}
	EndGlobalSection
EndGlobal
