
Microsoft Visual Studio Solution File, Format Version 12.00
# Visual Studio Version 17
VisualStudioVersion = 17.7.34031.279
MinimumVisualStudioVersion = 10.0.40219.1
Project("{FAE04EC0-301F-11D3-BF4B-00C04F79EFBC}") = "01.Smallest_of_ThreeNumbers", "01.Smallest_of_ThreeNumbers\01.Smallest_of_ThreeNumbers.csproj", "{7671385D-DC7E-477E-BBB2-BDD87C6471BF}"
EndProject
Project("{FAE04EC0-301F-11D3-BF4B-00C04F79EFBC}") = "02.VowelsCount", "02.VowelsCount\02.VowelsCount.csproj", "{3C5AFD72-1E0E-4E03-864B-3BC008C921C7}"
EndProject
Project("{FAE04EC0-301F-11D3-BF4B-00C04F79EFBC}") = "03.Characters_in_Range", "03.Characters_in_Range\03.Characters_in_Range.csproj", "{9578E616-941F-46A9-9E07-3DDA123715A9}"
EndProject
Global
	GlobalSection(SolutionConfigurationPlatforms) = preSolution
		Debug|Any CPU = Debug|Any CPU
		Release|Any CPU = Release|Any CPU
	EndGlobalSection
	GlobalSection(ProjectConfigurationPlatforms) = postSolution
		{7671385D-DC7E-477E-BBB2-BDD87C6471BF}.Debug|Any CPU.ActiveCfg = Debug|Any CPU
		{7671385D-DC7E-477E-BBB2-BDD87C6471BF}.Debug|Any CPU.Build.0 = Debug|Any CPU
		{7671385D-DC7E-477E-BBB2-BDD87C6471BF}.Release|Any CPU.ActiveCfg = Release|Any CPU
		{7671385D-DC7E-477E-BBB2-BDD87C6471BF}.Release|Any CPU.Build.0 = Release|Any CPU
		{3C5AFD72-1E0E-4E03-864B-3BC008C921C7}.Debug|Any CPU.ActiveCfg = Debug|Any CPU
		{3C5AFD72-1E0E-4E03-864B-3BC008C921C7}.Debug|Any CPU.Build.0 = Debug|Any CPU
		{3C5AFD72-1E0E-4E03-864B-3BC008C921C7}.Release|Any CPU.ActiveCfg = Release|Any CPU
		{3C5AFD72-1E0E-4E03-864B-3BC008C921C7}.Release|Any CPU.Build.0 = Release|Any CPU
		{9578E616-941F-46A9-9E07-3DDA123715A9}.Debug|Any CPU.ActiveCfg = Debug|Any CPU
		{9578E616-941F-46A9-9E07-3DDA123715A9}.Debug|Any CPU.Build.0 = Debug|Any CPU
		{9578E616-941F-46A9-9E07-3DDA123715A9}.Release|Any CPU.ActiveCfg = Release|Any CPU
		{9578E616-941F-46A9-9E07-3DDA123715A9}.Release|Any CPU.Build.0 = Release|Any CPU
	EndGlobalSection
	GlobalSection(SolutionProperties) = preSolution
		HideSolutionNode = FALSE
	EndGlobalSection
	GlobalSection(ExtensibilityGlobals) = postSolution
		SolutionGuid = {5901D08B-BBA4-4C66-97B3-BB8C52CD2722}
	EndGlobalSection
EndGlobal
