
Microsoft Visual Studio Solution File, Format Version 12.00
# Visual Studio Version 17
VisualStudioVersion = 17.10.35013.160
MinimumVisualStudioVersion = 10.0.40219.1
Project("{FAE04EC0-301F-11D3-BF4B-00C04F79EFBC}") = "01.SumMatrixElements", "01.SumMatrixElements\01.SumMatrixElements.csproj", "{0C381D17-373E-433C-BCC3-ACF53DD22EA9}"
EndProject
Global
	GlobalSection(SolutionConfigurationPlatforms) = preSolution
		Debug|Any CPU = Debug|Any CPU
		Release|Any CPU = Release|Any CPU
	EndGlobalSection
	GlobalSection(ProjectConfigurationPlatforms) = postSolution
		{0C381D17-373E-433C-BCC3-ACF53DD22EA9}.Debug|Any CPU.ActiveCfg = Debug|Any CPU
		{0C381D17-373E-433C-BCC3-ACF53DD22EA9}.Debug|Any CPU.Build.0 = Debug|Any CPU
		{0C381D17-373E-433C-BCC3-ACF53DD22EA9}.Release|Any CPU.ActiveCfg = Release|Any CPU
		{0C381D17-373E-433C-BCC3-ACF53DD22EA9}.Release|Any CPU.Build.0 = Release|Any CPU
	EndGlobalSection
	GlobalSection(SolutionProperties) = preSolution
		HideSolutionNode = FALSE
	EndGlobalSection
	GlobalSection(ExtensibilityGlobals) = postSolution
		SolutionGuid = {B8B3C8D6-BC06-4040-8A91-104A2A509D73}
	EndGlobalSection
EndGlobal
