
Microsoft Visual Studio Solution File, Format Version 12.00
# Visual Studio Version 17
VisualStudioVersion = 17.11.35222.181
MinimumVisualStudioVersion = 10.0.40219.1
Project("{FAE04EC0-301F-11D3-BF4B-00C04F79EFBC}") = "01.ListyIterator", "01.ListyIterator\01.ListyIterator.csproj", "{8ED3E148-F63A-425A-996E-D1CA4F3A54C8}"
EndProject
Project("{FAE04EC0-301F-11D3-BF4B-00C04F79EFBC}") = "02.Collection", "02.Collection\02.Collection.csproj", "{E19ACDA4-4EA3-4F91-B973-5CFBA1BE6B2F}"
EndProject
Project("{FAE04EC0-301F-11D3-BF4B-00C04F79EFBC}") = "03.Stack", "03.Stack\03.Stack.csproj", "{186E38CC-CC95-4F9B-BCCC-A742EC2C86EB}"
EndProject
Project("{FAE04EC0-301F-11D3-BF4B-00C04F79EFBC}") = "04.Froggy", "04.Froggy\04.Froggy.csproj", "{6E59FD7B-694E-43B2-8A3B-CC4CCD231D3C}"
EndProject
Project("{FAE04EC0-301F-11D3-BF4B-00C04F79EFBC}") = "05.ComparingObjects", "05.ComparingObjects\05.ComparingObjects.csproj", "{FB919D60-8350-4023-94E8-AD4D2B965891}"
EndProject
Project("{FAE04EC0-301F-11D3-BF4B-00C04F79EFBC}") = "06.EqualityLogic", "06.EqualityLogic\06.EqualityLogic.csproj", "{31E3E612-3E3D-4F97-9F25-06F2DDF26C77}"
EndProject
Project("{FAE04EC0-301F-11D3-BF4B-00C04F79EFBC}") = "07.CustomLinkedList", "07.CustomLinkedList\07.CustomLinkedList.csproj", "{2314C027-0A88-4359-AEB2-FE6BDAC1E5BF}"
EndProject
Global
	GlobalSection(SolutionConfigurationPlatforms) = preSolution
		Debug|Any CPU = Debug|Any CPU
		Release|Any CPU = Release|Any CPU
	EndGlobalSection
	GlobalSection(ProjectConfigurationPlatforms) = postSolution
		{8ED3E148-F63A-425A-996E-D1CA4F3A54C8}.Debug|Any CPU.ActiveCfg = Debug|Any CPU
		{8ED3E148-F63A-425A-996E-D1CA4F3A54C8}.Debug|Any CPU.Build.0 = Debug|Any CPU
		{8ED3E148-F63A-425A-996E-D1CA4F3A54C8}.Release|Any CPU.ActiveCfg = Release|Any CPU
		{8ED3E148-F63A-425A-996E-D1CA4F3A54C8}.Release|Any CPU.Build.0 = Release|Any CPU
		{E19ACDA4-4EA3-4F91-B973-5CFBA1BE6B2F}.Debug|Any CPU.ActiveCfg = Debug|Any CPU
		{E19ACDA4-4EA3-4F91-B973-5CFBA1BE6B2F}.Debug|Any CPU.Build.0 = Debug|Any CPU
		{E19ACDA4-4EA3-4F91-B973-5CFBA1BE6B2F}.Release|Any CPU.ActiveCfg = Release|Any CPU
		{E19ACDA4-4EA3-4F91-B973-5CFBA1BE6B2F}.Release|Any CPU.Build.0 = Release|Any CPU
		{186E38CC-CC95-4F9B-BCCC-A742EC2C86EB}.Debug|Any CPU.ActiveCfg = Debug|Any CPU
		{186E38CC-CC95-4F9B-BCCC-A742EC2C86EB}.Debug|Any CPU.Build.0 = Debug|Any CPU
		{186E38CC-CC95-4F9B-BCCC-A742EC2C86EB}.Release|Any CPU.ActiveCfg = Release|Any CPU
		{186E38CC-CC95-4F9B-BCCC-A742EC2C86EB}.Release|Any CPU.Build.0 = Release|Any CPU
		{6E59FD7B-694E-43B2-8A3B-CC4CCD231D3C}.Debug|Any CPU.ActiveCfg = Debug|Any CPU
		{6E59FD7B-694E-43B2-8A3B-CC4CCD231D3C}.Debug|Any CPU.Build.0 = Debug|Any CPU
		{6E59FD7B-694E-43B2-8A3B-CC4CCD231D3C}.Release|Any CPU.ActiveCfg = Release|Any CPU
		{6E59FD7B-694E-43B2-8A3B-CC4CCD231D3C}.Release|Any CPU.Build.0 = Release|Any CPU
		{FB919D60-8350-4023-94E8-AD4D2B965891}.Debug|Any CPU.ActiveCfg = Debug|Any CPU
		{FB919D60-8350-4023-94E8-AD4D2B965891}.Debug|Any CPU.Build.0 = Debug|Any CPU
		{FB919D60-8350-4023-94E8-AD4D2B965891}.Release|Any CPU.ActiveCfg = Release|Any CPU
		{FB919D60-8350-4023-94E8-AD4D2B965891}.Release|Any CPU.Build.0 = Release|Any CPU
		{31E3E612-3E3D-4F97-9F25-06F2DDF26C77}.Debug|Any CPU.ActiveCfg = Debug|Any CPU
		{31E3E612-3E3D-4F97-9F25-06F2DDF26C77}.Debug|Any CPU.Build.0 = Debug|Any CPU
		{31E3E612-3E3D-4F97-9F25-06F2DDF26C77}.Release|Any CPU.ActiveCfg = Release|Any CPU
		{31E3E612-3E3D-4F97-9F25-06F2DDF26C77}.Release|Any CPU.Build.0 = Release|Any CPU
		{2314C027-0A88-4359-AEB2-FE6BDAC1E5BF}.Debug|Any CPU.ActiveCfg = Debug|Any CPU
		{2314C027-0A88-4359-AEB2-FE6BDAC1E5BF}.Debug|Any CPU.Build.0 = Debug|Any CPU
		{2314C027-0A88-4359-AEB2-FE6BDAC1E5BF}.Release|Any CPU.ActiveCfg = Release|Any CPU
		{2314C027-0A88-4359-AEB2-FE6BDAC1E5BF}.Release|Any CPU.Build.0 = Release|Any CPU
	EndGlobalSection
	GlobalSection(SolutionProperties) = preSolution
		HideSolutionNode = FALSE
	EndGlobalSection
	GlobalSection(ExtensibilityGlobals) = postSolution
		SolutionGuid = {7A8B9A6D-F1FC-41F9-9DE2-82876E5CD21A}
	EndGlobalSection
EndGlobal
